// !$*UTF8*$!
{
	archiveVersion = 1;
	classes = {
	};
	objectVersion = 46;
	objects = {

/* Begin PBXBuildFile section */
		C97631B613FF084E00C883A2 /* Default.png in Resources */ = {isa = PBXBuildFile; fileRef = C97631B213FF084E00C883A2 /* Default.png */; };
		C97631B713FF084E00C883A2 /* Default@2x.png in Resources */ = {isa = PBXBuildFile; fileRef = C97631B313FF084E00C883A2 /* Default@2x.png */; };
		C97631B813FF084E00C883A2 /* Icon.png in Resources */ = {isa = PBXBuildFile; fileRef = C97631B413FF084E00C883A2 /* Icon.png */; };
		C97631B913FF084E00C883A2 /* Icon@2x.png in Resources */ = {isa = PBXBuildFile; fileRef = C97631B513FF084E00C883A2 /* Icon@2x.png */; };
		C996350C13F30A80003E7CDD /* UIKit.framework in Frameworks */ = {isa = PBXBuildFile; fileRef = C996350B13F30A80003E7CDD /* UIKit.framework */; };
		C996350E13F30A80003E7CDD /* Foundation.framework in Frameworks */ = {isa = PBXBuildFile; fileRef = C996350D13F30A80003E7CDD /* Foundation.framework */; };
		C996351613F30A80003E7CDD /* InfoPlist.strings in Resources */ = {isa = PBXBuildFile; fileRef = C996351413F30A80003E7CDD /* InfoPlist.strings */; };
		C996351813F30A80003E7CDD /* main.m in Sources */ = {isa = PBXBuildFile; fileRef = C996351713F30A80003E7CDD /* main.m */; };
		C996351C13F30A80003E7CDD /* TwitterExampleAppDelegate.m in Sources */ = {isa = PBXBuildFile; fileRef = C996351B13F30A80003E7CDD /* TwitterExampleAppDelegate.m */; };
		C996356013F30AC9003E7CDD /* CoreData.framework in Frameworks */ = {isa = PBXBuildFile; fileRef = C996355F13F30AC9003E7CDD /* CoreData.framework */; };
		C9B68ADB142125A900C674A0 /* CKBindingMap.m in Sources */ = {isa = PBXBuildFile; fileRef = C9B68AAA142125A900C674A0 /* CKBindingMap.m */; };
		C9B68ADC142125A900C674A0 /* CKBindings.m in Sources */ = {isa = PBXBuildFile; fileRef = C9B68AAC142125A900C674A0 /* CKBindings.m */; };
		C9B68ADD142125A900C674A0 /* CKCoreData.m in Sources */ = {isa = PBXBuildFile; fileRef = C9B68AAF142125A900C674A0 /* CKCoreData.m */; };
		C9B68ADE142125A900C674A0 /* CKJSONKit.m in Sources */ = {isa = PBXBuildFile; fileRef = C9B68AB2142125A900C674A0 /* CKJSONKit.m */; };
		C9B68ADF142125A900C674A0 /* CKManager.m in Sources */ = {isa = PBXBuildFile; fileRef = C9B68AB4142125A900C674A0 /* CKManager.m */; };
		C9B68AE0142125A900C674A0 /* CKNSJSONSerialization.m in Sources */ = {isa = PBXBuildFile; fileRef = C9B68AB6142125A900C674A0 /* CKNSJSONSerialization.m */; };
		C9B68AE1142125A900C674A0 /* CKNSURLConnection.m in Sources */ = {isa = PBXBuildFile; fileRef = C9B68AB8142125A900C674A0 /* CKNSURLConnection.m */; };
		C9B68AE2142125A900C674A0 /* CKRecord+CKBindings.m in Sources */ = {isa = PBXBuildFile; fileRef = C9B68ABA142125A900C674A0 /* CKRecord+CKBindings.m */; };
		C9B68AE3142125A900C674A0 /* CKRecord+CKRouter.m in Sources */ = {isa = PBXBuildFile; fileRef = C9B68ABC142125A900C674A0 /* CKRecord+CKRouter.m */; };
		C9B68AE4142125A900C674A0 /* CKRecord.m in Sources */ = {isa = PBXBuildFile; fileRef = C9B68ABE142125A900C674A0 /* CKRecord.m */; };
		C9B68AE5142125A900C674A0 /* CKRecordPrivate.m in Sources */ = {isa = PBXBuildFile; fileRef = C9B68AC0142125A900C674A0 /* CKRecordPrivate.m */; };
		C9B68AE6142125A900C674A0 /* CKRequest.m in Sources */ = {isa = PBXBuildFile; fileRef = C9B68AC2142125A900C674A0 /* CKRequest.m */; };
		C9B68AE7142125A900C674A0 /* CKResult.m in Sources */ = {isa = PBXBuildFile; fileRef = C9B68AC4142125A900C674A0 /* CKResult.m */; };
		C9B68AE8142125A900C674A0 /* CKRouter.m in Sources */ = {isa = PBXBuildFile; fileRef = C9B68AC6142125A900C674A0 /* CKRouter.m */; };
		C9B68AE9142125A900C674A0 /* CKRouterMap.m in Sources */ = {isa = PBXBuildFile; fileRef = C9B68AC8142125A900C674A0 /* CKRouterMap.m */; };
		C9B68AEA142125A900C674A0 /* CKSupport.m in Sources */ = {isa = PBXBuildFile; fileRef = C9B68ACB142125A900C674A0 /* CKSupport.m */; };
		C9B68AEB142125A900C674A0 /* CWInflector.mm in Sources */ = {isa = PBXBuildFile; fileRef = C9B68ACF142125A900C674A0 /* CWInflector.mm */; };
		C9B68AEC142125A900C674A0 /* inflections.plist in Resources */ = {isa = PBXBuildFile; fileRef = C9B68AD0142125A900C674A0 /* inflections.plist */; };
		C9B68AED142125A900C674A0 /* JSONKit.m in Sources */ = {isa = PBXBuildFile; fileRef = C9B68AD2142125A900C674A0 /* JSONKit.m */; };
		C9B68AEE142125A900C674A0 /* NIPaths.m in Sources */ = {isa = PBXBuildFile; fileRef = C9B68AD4142125A900C674A0 /* NIPaths.m */; };
		C9B68AEF142125A900C674A0 /* NSDictionary+NSDictionary_KeyPath.m in Sources */ = {isa = PBXBuildFile; fileRef = C9B68AD6142125A900C674A0 /* NSDictionary+NSDictionary_KeyPath.m */; };
		C9B68AF0142125A900C674A0 /* NSString+InflectionSupport.m in Sources */ = {isa = PBXBuildFile; fileRef = C9B68AD8142125A900C674A0 /* NSString+InflectionSupport.m */; };
		C9B68AF1142125A900C674A0 /* Reachability.m in Sources */ = {isa = PBXBuildFile; fileRef = C9B68ADA142125A900C674A0 /* Reachability.m */; };
		C9E67B7813F9B76D00B5C5EF /* TweetCell.m in Sources */ = {isa = PBXBuildFile; fileRef = C9E67B7713F9B76D00B5C5EF /* TweetCell.m */; };
		C9E7DFA413F993EC00AB98FF /* SystemConfiguration.framework in Frameworks */ = {isa = PBXBuildFile; fileRef = C9E7DFA313F993EC00AB98FF /* SystemConfiguration.framework */; };
		C9E7DFA713F994D300AB98FF /* Twitter.xcdatamodeld in Sources */ = {isa = PBXBuildFile; fileRef = C9E7DFA513F994D300AB98FF /* Twitter.xcdatamodeld */; };
		C9E7DFAA13F9973700AB98FF /* Tweet.m in Sources */ = {isa = PBXBuildFile; fileRef = C9E7DFA913F9973700AB98FF /* Tweet.m */; };
		C9E7DFAE13F99E5300AB98FF /* TwitterSearchTableViewController.m in Sources */ = {isa = PBXBuildFile; fileRef = C9E7DFAD13F99E5300AB98FF /* TwitterSearchTableViewController.m */; };
		C9E7E06C13F9B4EE00AB98FF /* TweetCell.xib in Resources */ = {isa = PBXBuildFile; fileRef = C9E7E06B13F9B4EE00AB98FF /* TweetCell.xib */; };
		C9F7906713FEE8820012DD94 /* CoreGraphics.framework in Frameworks */ = {isa = PBXBuildFile; fileRef = C996350F13F30A80003E7CDD /* CoreGraphics.framework */; };
		C9F7906813FEE8890012DD94 /* libicucore.dylib in Frameworks */ = {isa = PBXBuildFile; fileRef = C996356113F30B16003E7CDD /* libicucore.dylib */; };
/* End PBXBuildFile section */

/* Begin PBXFileReference section */
		C97631B213FF084E00C883A2 /* Default.png */ = {isa = PBXFileReference; lastKnownFileType = image.png; name = Default.png; path = ../../Default.png; sourceTree = "<group>"; };
		C97631B313FF084E00C883A2 /* Default@2x.png */ = {isa = PBXFileReference; lastKnownFileType = image.png; name = "Default@2x.png"; path = "../../Default@2x.png"; sourceTree = "<group>"; };
		C97631B413FF084E00C883A2 /* Icon.png */ = {isa = PBXFileReference; lastKnownFileType = image.png; name = Icon.png; path = ../../Icon.png; sourceTree = "<group>"; };
		C97631B513FF084E00C883A2 /* Icon@2x.png */ = {isa = PBXFileReference; lastKnownFileType = image.png; name = "Icon@2x.png"; path = "../../Icon@2x.png"; sourceTree = "<group>"; };
		C996350713F30A80003E7CDD /* Twitter.app */ = {isa = PBXFileReference; explicitFileType = wrapper.application; includeInIndex = 0; path = Twitter.app; sourceTree = BUILT_PRODUCTS_DIR; };
		C996350B13F30A80003E7CDD /* UIKit.framework */ = {isa = PBXFileReference; lastKnownFileType = wrapper.framework; name = UIKit.framework; path = System/Library/Frameworks/UIKit.framework; sourceTree = SDKROOT; };
		C996350D13F30A80003E7CDD /* Foundation.framework */ = {isa = PBXFileReference; lastKnownFileType = wrapper.framework; name = Foundation.framework; path = System/Library/Frameworks/Foundation.framework; sourceTree = SDKROOT; };
		C996350F13F30A80003E7CDD /* CoreGraphics.framework */ = {isa = PBXFileReference; lastKnownFileType = wrapper.framework; name = CoreGraphics.framework; path = System/Library/Frameworks/CoreGraphics.framework; sourceTree = SDKROOT; };
		C996351313F30A80003E7CDD /* TwitterExample-Info.plist */ = {isa = PBXFileReference; lastKnownFileType = text.plist.xml; path = "TwitterExample-Info.plist"; sourceTree = "<group>"; };
		C996351513F30A80003E7CDD /* en */ = {isa = PBXFileReference; lastKnownFileType = text.plist.strings; name = en; path = en.lproj/InfoPlist.strings; sourceTree = "<group>"; };
		C996351713F30A80003E7CDD /* main.m */ = {isa = PBXFileReference; lastKnownFileType = sourcecode.c.objc; path = main.m; sourceTree = "<group>"; };
		C996351913F30A80003E7CDD /* TwitterExample-Prefix.pch */ = {isa = PBXFileReference; lastKnownFileType = sourcecode.c.h; path = "TwitterExample-Prefix.pch"; sourceTree = "<group>"; };
		C996351A13F30A80003E7CDD /* TwitterExampleAppDelegate.h */ = {isa = PBXFileReference; lastKnownFileType = sourcecode.c.h; path = TwitterExampleAppDelegate.h; sourceTree = "<group>"; };
		C996351B13F30A80003E7CDD /* TwitterExampleAppDelegate.m */ = {isa = PBXFileReference; lastKnownFileType = sourcecode.c.objc; path = TwitterExampleAppDelegate.m; sourceTree = "<group>"; };
		C996355F13F30AC9003E7CDD /* CoreData.framework */ = {isa = PBXFileReference; lastKnownFileType = wrapper.framework; name = CoreData.framework; path = System/Library/Frameworks/CoreData.framework; sourceTree = SDKROOT; };
		C996356113F30B16003E7CDD /* libicucore.dylib */ = {isa = PBXFileReference; lastKnownFileType = "compiled.mach-o.dylib"; name = libicucore.dylib; path = usr/lib/libicucore.dylib; sourceTree = SDKROOT; };
		C9B68AA9142125A900C674A0 /* CKBindingMap.h */ = {isa = PBXFileReference; fileEncoding = 4; lastKnownFileType = sourcecode.c.h; path = CKBindingMap.h; sourceTree = "<group>"; };
		C9B68AAA142125A900C674A0 /* CKBindingMap.m */ = {isa = PBXFileReference; fileEncoding = 4; lastKnownFileType = sourcecode.c.objc; path = CKBindingMap.m; sourceTree = "<group>"; };
		C9B68AAB142125A900C674A0 /* CKBindings.h */ = {isa = PBXFileReference; fileEncoding = 4; lastKnownFileType = sourcecode.c.h; path = CKBindings.h; sourceTree = "<group>"; };
		C9B68AAC142125A900C674A0 /* CKBindings.m */ = {isa = PBXFileReference; fileEncoding = 4; lastKnownFileType = sourcecode.c.objc; path = CKBindings.m; sourceTree = "<group>"; };
		C9B68AAD142125A900C674A0 /* CKConnection.h */ = {isa = PBXFileReference; fileEncoding = 4; lastKnownFileType = sourcecode.c.h; path = CKConnection.h; sourceTree = "<group>"; };
		C9B68AAE142125A900C674A0 /* CKCoreData.h */ = {isa = PBXFileReference; fileEncoding = 4; lastKnownFileType = sourcecode.c.h; path = CKCoreData.h; sourceTree = "<group>"; };
		C9B68AAF142125A900C674A0 /* CKCoreData.m */ = {isa = PBXFileReference; fileEncoding = 4; lastKnownFileType = sourcecode.c.objc; path = CKCoreData.m; sourceTree = "<group>"; };
		C9B68AB0142125A900C674A0 /* CKDefines.h */ = {isa = PBXFileReference; fileEncoding = 4; lastKnownFileType = sourcecode.c.h; path = CKDefines.h; sourceTree = "<group>"; };
		C9B68AB1142125A900C674A0 /* CKJSONKit.h */ = {isa = PBXFileReference; fileEncoding = 4; lastKnownFileType = sourcecode.c.h; path = CKJSONKit.h; sourceTree = "<group>"; };
		C9B68AB2142125A900C674A0 /* CKJSONKit.m */ = {isa = PBXFileReference; fileEncoding = 4; lastKnownFileType = sourcecode.c.objc; path = CKJSONKit.m; sourceTree = "<group>"; };
		C9B68AB3142125A900C674A0 /* CKManager.h */ = {isa = PBXFileReference; fileEncoding = 4; lastKnownFileType = sourcecode.c.h; path = CKManager.h; sourceTree = "<group>"; };
		C9B68AB4142125A900C674A0 /* CKManager.m */ = {isa = PBXFileReference; fileEncoding = 4; lastKnownFileType = sourcecode.c.objc; path = CKManager.m; sourceTree = "<group>"; };
		C9B68AB5142125A900C674A0 /* CKNSJSONSerialization.h */ = {isa = PBXFileReference; fileEncoding = 4; lastKnownFileType = sourcecode.c.h; path = CKNSJSONSerialization.h; sourceTree = "<group>"; };
		C9B68AB6142125A900C674A0 /* CKNSJSONSerialization.m */ = {isa = PBXFileReference; fileEncoding = 4; lastKnownFileType = sourcecode.c.objc; path = CKNSJSONSerialization.m; sourceTree = "<group>"; };
		C9B68AB7142125A900C674A0 /* CKNSURLConnection.h */ = {isa = PBXFileReference; fileEncoding = 4; lastKnownFileType = sourcecode.c.h; path = CKNSURLConnection.h; sourceTree = "<group>"; };
		C9B68AB8142125A900C674A0 /* CKNSURLConnection.m */ = {isa = PBXFileReference; fileEncoding = 4; lastKnownFileType = sourcecode.c.objc; path = CKNSURLConnection.m; sourceTree = "<group>"; };
		C9B68AB9142125A900C674A0 /* CKRecord+CKBindings.h */ = {isa = PBXFileReference; fileEncoding = 4; lastKnownFileType = sourcecode.c.h; path = "CKRecord+CKBindings.h"; sourceTree = "<group>"; };
		C9B68ABA142125A900C674A0 /* CKRecord+CKBindings.m */ = {isa = PBXFileReference; fileEncoding = 4; lastKnownFileType = sourcecode.c.objc; path = "CKRecord+CKBindings.m"; sourceTree = "<group>"; };
		C9B68ABB142125A900C674A0 /* CKRecord+CKRouter.h */ = {isa = PBXFileReference; fileEncoding = 4; lastKnownFileType = sourcecode.c.h; path = "CKRecord+CKRouter.h"; sourceTree = "<group>"; };
		C9B68ABC142125A900C674A0 /* CKRecord+CKRouter.m */ = {isa = PBXFileReference; fileEncoding = 4; lastKnownFileType = sourcecode.c.objc; path = "CKRecord+CKRouter.m"; sourceTree = "<group>"; };
		C9B68ABD142125A900C674A0 /* CKRecord.h */ = {isa = PBXFileReference; fileEncoding = 4; lastKnownFileType = sourcecode.c.h; path = CKRecord.h; sourceTree = "<group>"; };
		C9B68ABE142125A900C674A0 /* CKRecord.m */ = {isa = PBXFileReference; fileEncoding = 4; lastKnownFileType = sourcecode.c.objc; path = CKRecord.m; sourceTree = "<group>"; };
		C9B68ABF142125A900C674A0 /* CKRecordPrivate.h */ = {isa = PBXFileReference; fileEncoding = 4; lastKnownFileType = sourcecode.c.h; path = CKRecordPrivate.h; sourceTree = "<group>"; };
		C9B68AC0142125A900C674A0 /* CKRecordPrivate.m */ = {isa = PBXFileReference; fileEncoding = 4; lastKnownFileType = sourcecode.c.objc; path = CKRecordPrivate.m; sourceTree = "<group>"; };
		C9B68AC1142125A900C674A0 /* CKRequest.h */ = {isa = PBXFileReference; fileEncoding = 4; lastKnownFileType = sourcecode.c.h; path = CKRequest.h; sourceTree = "<group>"; };
		C9B68AC2142125A900C674A0 /* CKRequest.m */ = {isa = PBXFileReference; fileEncoding = 4; lastKnownFileType = sourcecode.c.objc; path = CKRequest.m; sourceTree = "<group>"; };
		C9B68AC3142125A900C674A0 /* CKResult.h */ = {isa = PBXFileReference; fileEncoding = 4; lastKnownFileType = sourcecode.c.h; path = CKResult.h; sourceTree = "<group>"; };
		C9B68AC4142125A900C674A0 /* CKResult.m */ = {isa = PBXFileReference; fileEncoding = 4; lastKnownFileType = sourcecode.c.objc; path = CKResult.m; sourceTree = "<group>"; };
		C9B68AC5142125A900C674A0 /* CKRouter.h */ = {isa = PBXFileReference; fileEncoding = 4; lastKnownFileType = sourcecode.c.h; path = CKRouter.h; sourceTree = "<group>"; };
		C9B68AC6142125A900C674A0 /* CKRouter.m */ = {isa = PBXFileReference; fileEncoding = 4; lastKnownFileType = sourcecode.c.objc; path = CKRouter.m; sourceTree = "<group>"; };
		C9B68AC7142125A900C674A0 /* CKRouterMap.h */ = {isa = PBXFileReference; fileEncoding = 4; lastKnownFileType = sourcecode.c.h; path = CKRouterMap.h; sourceTree = "<group>"; };
		C9B68AC8142125A900C674A0 /* CKRouterMap.m */ = {isa = PBXFileReference; fileEncoding = 4; lastKnownFileType = sourcecode.c.objc; path = CKRouterMap.m; sourceTree = "<group>"; };
		C9B68AC9142125A900C674A0 /* CKSerialization.h */ = {isa = PBXFileReference; fileEncoding = 4; lastKnownFileType = sourcecode.c.h; path = CKSerialization.h; sourceTree = "<group>"; };
		C9B68ACA142125A900C674A0 /* CKSupport.h */ = {isa = PBXFileReference; fileEncoding = 4; lastKnownFileType = sourcecode.c.h; path = CKSupport.h; sourceTree = "<group>"; };
		C9B68ACB142125A900C674A0 /* CKSupport.m */ = {isa = PBXFileReference; fileEncoding = 4; lastKnownFileType = sourcecode.c.objc; path = CKSupport.m; sourceTree = "<group>"; };
		C9B68ACC142125A900C674A0 /* CoreKit-Prefix.pch */ = {isa = PBXFileReference; fileEncoding = 4; lastKnownFileType = sourcecode.c.h; path = "CoreKit-Prefix.pch"; sourceTree = "<group>"; };
		C9B68ACD142125A900C674A0 /* CoreKit.h */ = {isa = PBXFileReference; fileEncoding = 4; lastKnownFileType = sourcecode.c.h; path = CoreKit.h; sourceTree = "<group>"; };
		C9B68ACE142125A900C674A0 /* CWInflector.h */ = {isa = PBXFileReference; fileEncoding = 4; lastKnownFileType = sourcecode.c.h; path = CWInflector.h; sourceTree = "<group>"; };
		C9B68ACF142125A900C674A0 /* CWInflector.mm */ = {isa = PBXFileReference; fileEncoding = 4; lastKnownFileType = sourcecode.cpp.objcpp; path = CWInflector.mm; sourceTree = "<group>"; };
		C9B68AD0142125A900C674A0 /* inflections.plist */ = {isa = PBXFileReference; lastKnownFileType = text.plist; path = inflections.plist; sourceTree = "<group>"; };
		C9B68AD1142125A900C674A0 /* JSONKit.h */ = {isa = PBXFileReference; fileEncoding = 4; lastKnownFileType = sourcecode.c.h; path = JSONKit.h; sourceTree = "<group>"; };
		C9B68AD2142125A900C674A0 /* JSONKit.m */ = {isa = PBXFileReference; fileEncoding = 4; lastKnownFileType = sourcecode.c.objc; path = JSONKit.m; sourceTree = "<group>"; };
		C9B68AD3142125A900C674A0 /* NIPaths.h */ = {isa = PBXFileReference; fileEncoding = 4; lastKnownFileType = sourcecode.c.h; path = NIPaths.h; sourceTree = "<group>"; };
		C9B68AD4142125A900C674A0 /* NIPaths.m */ = {isa = PBXFileReference; fileEncoding = 4; lastKnownFileType = sourcecode.c.objc; path = NIPaths.m; sourceTree = "<group>"; };
		C9B68AD5142125A900C674A0 /* NSDictionary+NSDictionary_KeyPath.h */ = {isa = PBXFileReference; fileEncoding = 4; lastKnownFileType = sourcecode.c.h; path = "NSDictionary+NSDictionary_KeyPath.h"; sourceTree = "<group>"; };
		C9B68AD6142125A900C674A0 /* NSDictionary+NSDictionary_KeyPath.m */ = {isa = PBXFileReference; fileEncoding = 4; lastKnownFileType = sourcecode.c.objc; path = "NSDictionary+NSDictionary_KeyPath.m"; sourceTree = "<group>"; };
		C9B68AD7142125A900C674A0 /* NSString+InflectionSupport.h */ = {isa = PBXFileReference; fileEncoding = 4; lastKnownFileType = sourcecode.c.h; path = "NSString+InflectionSupport.h"; sourceTree = "<group>"; };
		C9B68AD8142125A900C674A0 /* NSString+InflectionSupport.m */ = {isa = PBXFileReference; fileEncoding = 4; lastKnownFileType = sourcecode.c.objc; path = "NSString+InflectionSupport.m"; sourceTree = "<group>"; };
		C9B68AD9142125A900C674A0 /* Reachability.h */ = {isa = PBXFileReference; fileEncoding = 4; lastKnownFileType = sourcecode.c.h; path = Reachability.h; sourceTree = "<group>"; };
		C9B68ADA142125A900C674A0 /* Reachability.m */ = {isa = PBXFileReference; fileEncoding = 4; lastKnownFileType = sourcecode.c.objc; path = Reachability.m; sourceTree = "<group>"; };
		C9E67B7613F9B76D00B5C5EF /* TweetCell.h */ = {isa = PBXFileReference; fileEncoding = 4; lastKnownFileType = sourcecode.c.h; path = TweetCell.h; sourceTree = "<group>"; };
		C9E67B7713F9B76D00B5C5EF /* TweetCell.m */ = {isa = PBXFileReference; fileEncoding = 4; lastKnownFileType = sourcecode.c.objc; path = TweetCell.m; sourceTree = "<group>"; };
		C9E7DFA313F993EC00AB98FF /* SystemConfiguration.framework */ = {isa = PBXFileReference; lastKnownFileType = wrapper.framework; name = SystemConfiguration.framework; path = System/Library/Frameworks/SystemConfiguration.framework; sourceTree = SDKROOT; };
		C9E7DFA613F994D300AB98FF /* Twitter.xcdatamodel */ = {isa = PBXFileReference; lastKnownFileType = wrapper.xcdatamodel; path = Twitter.xcdatamodel; sourceTree = "<group>"; };
		C9E7DFA813F9973700AB98FF /* Tweet.h */ = {isa = PBXFileReference; fileEncoding = 4; lastKnownFileType = sourcecode.c.h; path = Tweet.h; sourceTree = "<group>"; };
		C9E7DFA913F9973700AB98FF /* Tweet.m */ = {isa = PBXFileReference; fileEncoding = 4; lastKnownFileType = sourcecode.c.objc; path = Tweet.m; sourceTree = "<group>"; };
		C9E7DFAC13F99E5300AB98FF /* TwitterSearchTableViewController.h */ = {isa = PBXFileReference; fileEncoding = 4; lastKnownFileType = sourcecode.c.h; path = TwitterSearchTableViewController.h; sourceTree = "<group>"; };
		C9E7DFAD13F99E5300AB98FF /* TwitterSearchTableViewController.m */ = {isa = PBXFileReference; fileEncoding = 4; lastKnownFileType = sourcecode.c.objc; path = TwitterSearchTableViewController.m; sourceTree = "<group>"; };
		C9E7E06B13F9B4EE00AB98FF /* TweetCell.xib */ = {isa = PBXFileReference; fileEncoding = 4; lastKnownFileType = file.xib; path = TweetCell.xib; sourceTree = "<group>"; };
/* End PBXFileReference section */

/* Begin PBXFrameworksBuildPhase section */
		C996350413F30A80003E7CDD /* Frameworks */ = {
			isa = PBXFrameworksBuildPhase;
			buildActionMask = 2147483647;
			files = (
				C996350E13F30A80003E7CDD /* Foundation.framework in Frameworks */,
				C996350C13F30A80003E7CDD /* UIKit.framework in Frameworks */,
				C996356013F30AC9003E7CDD /* CoreData.framework in Frameworks */,
				C9F7906813FEE8890012DD94 /* libicucore.dylib in Frameworks */,
				C9F7906713FEE8820012DD94 /* CoreGraphics.framework in Frameworks */,
				C9E7DFA413F993EC00AB98FF /* SystemConfiguration.framework in Frameworks */,
			);
			runOnlyForDeploymentPostprocessing = 0;
		};
/* End PBXFrameworksBuildPhase section */

/* Begin PBXGroup section */
		C99634FC13F30A7F003E7CDD = {
			isa = PBXGroup;
			children = (
				C996351113F30A80003E7CDD /* TwitterExample */,
				C996350A13F30A80003E7CDD /* Frameworks */,
				C996350813F30A80003E7CDD /* Products */,
			);
			sourceTree = "<group>";
		};
		C996350813F30A80003E7CDD /* Products */ = {
			isa = PBXGroup;
			children = (
				C996350713F30A80003E7CDD /* Twitter.app */,
			);
			name = Products;
			sourceTree = "<group>";
		};
		C996350A13F30A80003E7CDD /* Frameworks */ = {
			isa = PBXGroup;
			children = (
				C9B68AA8142125A900C674A0 /* CoreKit */,
				C9E7DFA313F993EC00AB98FF /* SystemConfiguration.framework */,
				C996355F13F30AC9003E7CDD /* CoreData.framework */,
				C996356113F30B16003E7CDD /* libicucore.dylib */,
				C996350B13F30A80003E7CDD /* UIKit.framework */,
				C996350D13F30A80003E7CDD /* Foundation.framework */,
				C996350F13F30A80003E7CDD /* CoreGraphics.framework */,
			);
			name = Frameworks;
			sourceTree = "<group>";
		};
		C996351113F30A80003E7CDD /* TwitterExample */ = {
			isa = PBXGroup;
			children = (
				C996351A13F30A80003E7CDD /* TwitterExampleAppDelegate.h */,
				C996351B13F30A80003E7CDD /* TwitterExampleAppDelegate.m */,
				C9E7DFAC13F99E5300AB98FF /* TwitterSearchTableViewController.h */,
				C9E7DFAD13F99E5300AB98FF /* TwitterSearchTableViewController.m */,
				C9E7E06B13F9B4EE00AB98FF /* TweetCell.xib */,
				C9E67B7613F9B76D00B5C5EF /* TweetCell.h */,
				C9E67B7713F9B76D00B5C5EF /* TweetCell.m */,
				C9E7DFAB13F9974000AB98FF /* Model */,
				C996351213F30A80003E7CDD /* Supporting Files */,
			);
			path = TwitterExample;
			sourceTree = "<group>";
		};
		C996351213F30A80003E7CDD /* Supporting Files */ = {
			isa = PBXGroup;
			children = (
				C97631B213FF084E00C883A2 /* Default.png */,
				C97631B313FF084E00C883A2 /* Default@2x.png */,
				C97631B413FF084E00C883A2 /* Icon.png */,
				C97631B513FF084E00C883A2 /* Icon@2x.png */,
				C996351313F30A80003E7CDD /* TwitterExample-Info.plist */,
				C996351413F30A80003E7CDD /* InfoPlist.strings */,
				C996351713F30A80003E7CDD /* main.m */,
				C996351913F30A80003E7CDD /* TwitterExample-Prefix.pch */,
			);
			name = "Supporting Files";
			sourceTree = "<group>";
		};
		C9B68AA8142125A900C674A0 /* CoreKit */ = {
			isa = PBXGroup;
			children = (
				C9B68AA9142125A900C674A0 /* CKBindingMap.h */,
				C9B68AAA142125A900C674A0 /* CKBindingMap.m */,
				C9B68AAB142125A900C674A0 /* CKBindings.h */,
				C9B68AAC142125A900C674A0 /* CKBindings.m */,
				C9B68AAD142125A900C674A0 /* CKConnection.h */,
				C9B68AAE142125A900C674A0 /* CKCoreData.h */,
				C9B68AAF142125A900C674A0 /* CKCoreData.m */,
				C9B68AB0142125A900C674A0 /* CKDefines.h */,
				C9B68AB1142125A900C674A0 /* CKJSONKit.h */,
				C9B68AB2142125A900C674A0 /* CKJSONKit.m */,
				C9B68AB3142125A900C674A0 /* CKManager.h */,
				C9B68AB4142125A900C674A0 /* CKManager.m */,
				C9B68AB5142125A900C674A0 /* CKNSJSONSerialization.h */,
				C9B68AB6142125A900C674A0 /* CKNSJSONSerialization.m */,
				C9B68AB7142125A900C674A0 /* CKNSURLConnection.h */,
				C9B68AB8142125A900C674A0 /* CKNSURLConnection.m */,
				C9B68AB9142125A900C674A0 /* CKRecord+CKBindings.h */,
				C9B68ABA142125A900C674A0 /* CKRecord+CKBindings.m */,
				C9B68ABB142125A900C674A0 /* CKRecord+CKRouter.h */,
				C9B68ABC142125A900C674A0 /* CKRecord+CKRouter.m */,
				C9B68ABD142125A900C674A0 /* CKRecord.h */,
				C9B68ABE142125A900C674A0 /* CKRecord.m */,
				C9B68ABF142125A900C674A0 /* CKRecordPrivate.h */,
				C9B68AC0142125A900C674A0 /* CKRecordPrivate.m */,
				C9B68AC1142125A900C674A0 /* CKRequest.h */,
				C9B68AC2142125A900C674A0 /* CKRequest.m */,
				C9B68AC3142125A900C674A0 /* CKResult.h */,
				C9B68AC4142125A900C674A0 /* CKResult.m */,
				C9B68AC5142125A900C674A0 /* CKRouter.h */,
				C9B68AC6142125A900C674A0 /* CKRouter.m */,
				C9B68AC7142125A900C674A0 /* CKRouterMap.h */,
				C9B68AC8142125A900C674A0 /* CKRouterMap.m */,
				C9B68AC9142125A900C674A0 /* CKSerialization.h */,
				C9B68ACA142125A900C674A0 /* CKSupport.h */,
				C9B68ACB142125A900C674A0 /* CKSupport.m */,
				C9B68ACC142125A900C674A0 /* CoreKit-Prefix.pch */,
				C9B68ACD142125A900C674A0 /* CoreKit.h */,
				C9B68ACE142125A900C674A0 /* CWInflector.h */,
				C9B68ACF142125A900C674A0 /* CWInflector.mm */,
				C9B68AD0142125A900C674A0 /* inflections.plist */,
				C9B68AD1142125A900C674A0 /* JSONKit.h */,
				C9B68AD2142125A900C674A0 /* JSONKit.m */,
				C9B68AD3142125A900C674A0 /* NIPaths.h */,
				C9B68AD4142125A900C674A0 /* NIPaths.m */,
				C9B68AD5142125A900C674A0 /* NSDictionary+NSDictionary_KeyPath.h */,
				C9B68AD6142125A900C674A0 /* NSDictionary+NSDictionary_KeyPath.m */,
				C9B68AD7142125A900C674A0 /* NSString+InflectionSupport.h */,
				C9B68AD8142125A900C674A0 /* NSString+InflectionSupport.m */,
				C9B68AD9142125A900C674A0 /* Reachability.h */,
				C9B68ADA142125A900C674A0 /* Reachability.m */,
			);
			name = CoreKit;
			path = ../../CoreKit;
			sourceTree = "<group>";
		};
		C9E7DFAB13F9974000AB98FF /* Model */ = {
			isa = PBXGroup;
			children = (
				C9E7DFA813F9973700AB98FF /* Tweet.h */,
				C9E7DFA913F9973700AB98FF /* Tweet.m */,
				C9E7DFA513F994D300AB98FF /* Twitter.xcdatamodeld */,
			);
			name = Model;
			sourceTree = "<group>";
		};
/* End PBXGroup section */

/* Begin PBXNativeTarget section */
		C996350613F30A80003E7CDD /* TwitterExample */ = {
			isa = PBXNativeTarget;
			buildConfigurationList = C996351F13F30A80003E7CDD /* Build configuration list for PBXNativeTarget "TwitterExample" */;
			buildPhases = (
				C996350313F30A80003E7CDD /* Sources */,
				C996350413F30A80003E7CDD /* Frameworks */,
				C996350513F30A80003E7CDD /* Resources */,
			);
			buildRules = (
			);
			dependencies = (
			);
			name = TwitterExample;
			productName = TwitterExample;
			productReference = C996350713F30A80003E7CDD /* Twitter.app */;
			productType = "com.apple.product-type.application";
		};
/* End PBXNativeTarget section */

/* Begin PBXProject section */
		C99634FE13F30A7F003E7CDD /* Project object */ = {
			isa = PBXProject;
			attributes = {
				LastUpgradeCheck = 0420;
				ORGANIZATIONNAME = "MNDCreative, LLC";
			};
			buildConfigurationList = C996350113F30A7F003E7CDD /* Build configuration list for PBXProject "TwitterExample" */;
			compatibilityVersion = "Xcode 3.2";
			developmentRegion = English;
			hasScannedForEncodings = 0;
			knownRegions = (
				en,
			);
			mainGroup = C99634FC13F30A7F003E7CDD;
			productRefGroup = C996350813F30A80003E7CDD /* Products */;
			projectDirPath = "";
			projectRoot = "";
			targets = (
				C996350613F30A80003E7CDD /* TwitterExample */,
			);
		};
/* End PBXProject section */

/* Begin PBXResourcesBuildPhase section */
		C996350513F30A80003E7CDD /* Resources */ = {
			isa = PBXResourcesBuildPhase;
			buildActionMask = 2147483647;
			files = (
				C996351613F30A80003E7CDD /* InfoPlist.strings in Resources */,
				C9E7E06C13F9B4EE00AB98FF /* TweetCell.xib in Resources */,
				C97631B613FF084E00C883A2 /* Default.png in Resources */,
				C97631B713FF084E00C883A2 /* Default@2x.png in Resources */,
				C97631B813FF084E00C883A2 /* Icon.png in Resources */,
				C97631B913FF084E00C883A2 /* Icon@2x.png in Resources */,
				C9B68AEC142125A900C674A0 /* inflections.plist in Resources */,
			);
			runOnlyForDeploymentPostprocessing = 0;
		};
/* End PBXResourcesBuildPhase section */

/* Begin PBXSourcesBuildPhase section */
		C996350313F30A80003E7CDD /* Sources */ = {
			isa = PBXSourcesBuildPhase;
			buildActionMask = 2147483647;
			files = (
				C996351813F30A80003E7CDD /* main.m in Sources */,
				C996351C13F30A80003E7CDD /* TwitterExampleAppDelegate.m in Sources */,
				C9E7DFA713F994D300AB98FF /* Twitter.xcdatamodeld in Sources */,
				C9E7DFAA13F9973700AB98FF /* Tweet.m in Sources */,
				C9E7DFAE13F99E5300AB98FF /* TwitterSearchTableViewController.m in Sources */,
				C9E67B7813F9B76D00B5C5EF /* TweetCell.m in Sources */,
				C9B68ADB142125A900C674A0 /* CKBindingMap.m in Sources */,
				C9B68ADC142125A900C674A0 /* CKBindings.m in Sources */,
				C9B68ADD142125A900C674A0 /* CKCoreData.m in Sources */,
				C9B68ADE142125A900C674A0 /* CKJSONKit.m in Sources */,
				C9B68ADF142125A900C674A0 /* CKManager.m in Sources */,
				C9B68AE0142125A900C674A0 /* CKNSJSONSerialization.m in Sources */,
				C9B68AE1142125A900C674A0 /* CKNSURLConnection.m in Sources */,
				C9B68AE2142125A900C674A0 /* CKRecord+CKBindings.m in Sources */,
				C9B68AE3142125A900C674A0 /* CKRecord+CKRouter.m in Sources */,
				C9B68AE4142125A900C674A0 /* CKRecord.m in Sources */,
				C9B68AE5142125A900C674A0 /* CKRecordPrivate.m in Sources */,
				C9B68AE6142125A900C674A0 /* CKRequest.m in Sources */,
				C9B68AE7142125A900C674A0 /* CKResult.m in Sources */,
				C9B68AE8142125A900C674A0 /* CKRouter.m in Sources */,
				C9B68AE9142125A900C674A0 /* CKRouterMap.m in Sources */,
				C9B68AEA142125A900C674A0 /* CKSupport.m in Sources */,
				C9B68AEB142125A900C674A0 /* CWInflector.mm in Sources */,
				C9B68AED142125A900C674A0 /* JSONKit.m in Sources */,
				C9B68AEE142125A900C674A0 /* NIPaths.m in Sources */,
				C9B68AEF142125A900C674A0 /* NSDictionary+NSDictionary_KeyPath.m in Sources */,
				C9B68AF0142125A900C674A0 /* NSString+InflectionSupport.m in Sources */,
				C9B68AF1142125A900C674A0 /* Reachability.m in Sources */,
			);
			runOnlyForDeploymentPostprocessing = 0;
		};
/* End PBXSourcesBuildPhase section */

/* Begin PBXVariantGroup section */
		C996351413F30A80003E7CDD /* InfoPlist.strings */ = {
			isa = PBXVariantGroup;
			children = (
				C996351513F30A80003E7CDD /* en */,
			);
			name = InfoPlist.strings;
			sourceTree = "<group>";
		};
/* End PBXVariantGroup section */

/* Begin XCBuildConfiguration section */
		C996351D13F30A80003E7CDD /* Debug */ = {
			isa = XCBuildConfiguration;
			buildSettings = {
				ALWAYS_SEARCH_USER_PATHS = NO;
				ARCHS = "$(ARCHS_STANDARD_32_BIT)";
				CLANG_ENABLE_OBJC_ARC = NO;
				"CODE_SIGN_IDENTITY[sdk=iphoneos*]" = "iPhone Developer";
				COPY_PHASE_STRIP = NO;
				GCC_C_LANGUAGE_STANDARD = gnu99;
				GCC_DYNAMIC_NO_PIC = NO;
				GCC_OPTIMIZATION_LEVEL = 0;
				GCC_PREPROCESSOR_DEFINITIONS = (
					"DEBUG=1",
					"$(inherited)",
				);
				GCC_SYMBOLS_PRIVATE_EXTERN = NO;
				GCC_VERSION = com.apple.compilers.llvm.clang.1_0;
				GCC_WARN_ABOUT_MISSING_PROTOTYPES = YES;
				GCC_WARN_ABOUT_RETURN_TYPE = YES;
				GCC_WARN_UNUSED_VARIABLE = YES;
				IPHONEOS_DEPLOYMENT_TARGET = 5.0;
				ONLY_ACTIVE_ARCH = NO;
				SDKROOT = iphoneos;
				TARGETED_DEVICE_FAMILY = "1,2";
			};
			name = Debug;
		};
		C996351E13F30A80003E7CDD /* Release */ = {
			isa = XCBuildConfiguration;
			buildSettings = {
				ALWAYS_SEARCH_USER_PATHS = NO;
				ARCHS = "$(ARCHS_STANDARD_32_BIT)";
				CLANG_ENABLE_OBJC_ARC = NO;
				"CODE_SIGN_IDENTITY[sdk=iphoneos*]" = "iPhone Developer";
				COPY_PHASE_STRIP = YES;
				GCC_C_LANGUAGE_STANDARD = gnu99;
				GCC_VERSION = com.apple.compilers.llvm.clang.1_0;
				GCC_WARN_ABOUT_MISSING_PROTOTYPES = YES;
				GCC_WARN_ABOUT_RETURN_TYPE = YES;
				GCC_WARN_UNUSED_VARIABLE = YES;
				IPHONEOS_DEPLOYMENT_TARGET = 5.0;
				ONLY_ACTIVE_ARCH = NO;
				OTHER_CFLAGS = "-DNS_BLOCK_ASSERTIONS=1";
				SDKROOT = iphoneos;
				TARGETED_DEVICE_FAMILY = "1,2";
				VALIDATE_PRODUCT = YES;
			};
			name = Release;
		};
		C996352013F30A80003E7CDD /* Debug */ = {
			isa = XCBuildConfiguration;
			buildSettings = {
				GCC_PRECOMPILE_PREFIX_HEADER = YES;
				GCC_PREFIX_HEADER = "TwitterExample/TwitterExample-Prefix.pch";
				INFOPLIST_FILE = "TwitterExample/TwitterExample-Info.plist";
				PRODUCT_NAME = Twitter;
				WRAPPER_EXTENSION = app;
			};
			name = Debug;
		};
		C996352113F30A80003E7CDD /* Release */ = {
			isa = XCBuildConfiguration;
			buildSettings = {
				GCC_PRECOMPILE_PREFIX_HEADER = YES;
				GCC_PREFIX_HEADER = "TwitterExample/TwitterExample-Prefix.pch";
				INFOPLIST_FILE = "TwitterExample/TwitterExample-Info.plist";
				PRODUCT_NAME = Twitter;
				WRAPPER_EXTENSION = app;
			};
			name = Release;
		};
/* End XCBuildConfiguration section */

/* Begin XCConfigurationList section */
		C996350113F30A7F003E7CDD /* Build configuration list for PBXProject "TwitterExample" */ = {
			isa = XCConfigurationList;
			buildConfigurations = (
				C996351D13F30A80003E7CDD /* Debug */,
				C996351E13F30A80003E7CDD /* Release */,
			);
			defaultConfigurationIsVisible = 0;
			defaultConfigurationName = Release;
		};
		C996351F13F30A80003E7CDD /* Build configuration list for PBXNativeTarget "TwitterExample" */ = {
			isa = XCConfigurationList;
			buildConfigurations = (
				C996352013F30A80003E7CDD /* Debug */,
				C996352113F30A80003E7CDD /* Release */,
			);
			defaultConfigurationIsVisible = 0;
			defaultConfigurationName = Release;
		};
/* End XCConfigurationList section */

/* Begin XCVersionGroup section */
		C9E7DFA513F994D300AB98FF /* Twitter.xcdatamodeld */ = {
			isa = XCVersionGroup;
			children = (
				C9E7DFA613F994D300AB98FF /* Twitter.xcdatamodel */,
			);
			currentVersion = C9E7DFA613F994D300AB98FF /* Twitter.xcdatamodel */;
			path = Twitter.xcdatamodeld;
			sourceTree = "<group>";
			versionGroupType = wrapper.xcdatamodel;
		};
/* End XCVersionGroup section */
	};
	rootObject = C99634FE13F30A7F003E7CDD /* Project object */;
}
