// !$*UTF8*$!
{
	archiveVersion = 1;
	classes = {
	};
	objectVersion = 46;
	objects = {

/* Begin PBXBuildFile section */
		C9030A2F13D60A630024AE31 /* CKRecordTests.m in Sources */ = {isa = PBXBuildFile; fileRef = C9030A2E13D60A630024AE31 /* CKRecordTests.m */; };
		C9030A3B13D624A10024AE31 /* fixtures in Resources */ = {isa = PBXBuildFile; fileRef = C9030A3A13D624A10024AE31 /* fixtures */; };
		C915059913E889A9004941A5 /* inflections.plist in CopyFiles */ = {isa = PBXBuildFile; fileRef = C9F05F3B13E7391700557828 /* inflections.plist */; };
		C91F9D2E14042A2500C42219 /* Foundation.framework in Frameworks */ = {isa = PBXBuildFile; fileRef = C9FB7C1413CF4381009597E7 /* Foundation.framework */; };
		C91F9D3414042A2500C42219 /* CoreSupport.m in Sources */ = {isa = PBXBuildFile; fileRef = C91F9D3314042A2500C42219 /* CoreSupport.m */; };
		C92BA7CE13F4297800EF4BAE /* SystemConfiguration.framework in Frameworks */ = {isa = PBXBuildFile; fileRef = C92BA7CD13F4297800EF4BAE /* SystemConfiguration.framework */; };
		C92BA7D613F47B9100EF4BAE /* CKNSURLConnectionTests.m in Sources */ = {isa = PBXBuildFile; fileRef = C92BA7D513F47B9100EF4BAE /* CKNSURLConnectionTests.m */; };
		C9377D7213D4CD370062C015 /* CKRequest.h in Headers */ = {isa = PBXBuildFile; fileRef = C9377D7013D4CD370062C015 /* CKRequest.h */; };
		C9377D7313D4CD370062C015 /* CKRequest.m in Sources */ = {isa = PBXBuildFile; fileRef = C9377D7113D4CD370062C015 /* CKRequest.m */; };
		C9377D7713D4CD420062C015 /* CKRouter.h in Headers */ = {isa = PBXBuildFile; fileRef = C9377D7513D4CD420062C015 /* CKRouter.h */; };
		C9377D7813D4CD420062C015 /* CKRouter.m in Sources */ = {isa = PBXBuildFile; fileRef = C9377D7613D4CD420062C015 /* CKRouter.m */; };
		C9377D7C13D4CD530062C015 /* CKResult.h in Headers */ = {isa = PBXBuildFile; fileRef = C9377D7A13D4CD530062C015 /* CKResult.h */; };
		C9377D7D13D4CD530062C015 /* CKResult.m in Sources */ = {isa = PBXBuildFile; fileRef = C9377D7B13D4CD530062C015 /* CKResult.m */; };
		C9377D8113D4DA4B0062C015 /* CKNSJSONSerialization.h in Headers */ = {isa = PBXBuildFile; fileRef = C9377D7F13D4DA4B0062C015 /* CKNSJSONSerialization.h */; };
		C9377D8213D4DA4B0062C015 /* CKNSJSONSerialization.m in Sources */ = {isa = PBXBuildFile; fileRef = C9377D8013D4DA4B0062C015 /* CKNSJSONSerialization.m */; };
		C94FC37713E8877A002DFD92 /* Order.m in Sources */ = {isa = PBXBuildFile; fileRef = C9030A3213D60D610024AE31 /* Order.m */; };
		C94FC37813E8877A002DFD92 /* OrderItem.m in Sources */ = {isa = PBXBuildFile; fileRef = C9030A3413D60D610024AE31 /* OrderItem.m */; };
		C94FC37A13E8884B002DFD92 /* libicucore.dylib in Frameworks */ = {isa = PBXBuildFile; fileRef = C94FC37913E8884B002DFD92 /* libicucore.dylib */; };
		C94FC37B13E8885F002DFD92 /* libicucore.dylib in Frameworks */ = {isa = PBXBuildFile; fileRef = C94FC37913E8884B002DFD92 /* libicucore.dylib */; };
		C95D787613CF481F005C3C29 /* CKManagerTests.m in Sources */ = {isa = PBXBuildFile; fileRef = C95D787513CF481F005C3C29 /* CKManagerTests.m */; };
		C95D787A13CF4D0A005C3C29 /* CKManager.h in Headers */ = {isa = PBXBuildFile; fileRef = C95D787813CF4D0A005C3C29 /* CKManager.h */; };
		C95D787B13CF4D0A005C3C29 /* CKManager.m in Sources */ = {isa = PBXBuildFile; fileRef = C95D787913CF4D0A005C3C29 /* CKManager.m */; };
		C95D789613CF90B6005C3C29 /* CoreData.framework in Frameworks */ = {isa = PBXBuildFile; fileRef = C95D789513CF90B6005C3C29 /* CoreData.framework */; };
		C95D789713CF92D0005C3C29 /* CoreData.framework in Frameworks */ = {isa = PBXBuildFile; fileRef = C95D789513CF90B6005C3C29 /* CoreData.framework */; };
		C95D78A113D08ADF005C3C29 /* CKCoreData.h in Headers */ = {isa = PBXBuildFile; fileRef = C95D789F13D08ADF005C3C29 /* CKCoreData.h */; };
		C95D78A213D08ADF005C3C29 /* CKCoreData.m in Sources */ = {isa = PBXBuildFile; fileRef = C95D78A013D08ADF005C3C29 /* CKCoreData.m */; };
		C96C15CF13D5E91800A78055 /* CKRecord.h in Headers */ = {isa = PBXBuildFile; fileRef = C96C15CD13D5E91700A78055 /* CKRecord.h */; };
		C96C15D013D5E91800A78055 /* CKRecord.m in Sources */ = {isa = PBXBuildFile; fileRef = C96C15CE13D5E91800A78055 /* CKRecord.m */; };
		C986F28513FC2B17005662B3 /* NSDictionary+NSDictionary_KeyPath.h in Headers */ = {isa = PBXBuildFile; fileRef = C986F28313FC2B17005662B3 /* NSDictionary+NSDictionary_KeyPath.h */; };
		C986F28613FC2B17005662B3 /* NSDictionary+NSDictionary_KeyPath.m in Sources */ = {isa = PBXBuildFile; fileRef = C986F28413FC2B17005662B3 /* NSDictionary+NSDictionary_KeyPath.m */; };
		C987410813E1E94600D7ECF1 /* CKRouterTests.m in Sources */ = {isa = PBXBuildFile; fileRef = C987410713E1E94600D7ECF1 /* CKRouterTests.m */; };
		C996356913F31A7F003E7CDD /* Reachability.h in Headers */ = {isa = PBXBuildFile; fileRef = C996356713F31A7F003E7CDD /* Reachability.h */; };
		C996356A13F31A7F003E7CDD /* Reachability.m in Sources */ = {isa = PBXBuildFile; fileRef = C996356813F31A7F003E7CDD /* Reachability.m */; };
		C9BD06271408033C00F427A2 /* CKBindingMap.h in Headers */ = {isa = PBXBuildFile; fileRef = C9BD06251408033C00F427A2 /* CKBindingMap.h */; };
		C9BD06281408033C00F427A2 /* CKBindingMap.m in Sources */ = {isa = PBXBuildFile; fileRef = C9BD06261408033C00F427A2 /* CKBindingMap.m */; };
		C9BD062B1408316700F427A2 /* CKRecord+CKBindings.h in Headers */ = {isa = PBXBuildFile; fileRef = C9BD06291408316700F427A2 /* CKRecord+CKBindings.h */; };
		C9BD062C1408316700F427A2 /* CKRecord+CKBindings.m in Sources */ = {isa = PBXBuildFile; fileRef = C9BD062A1408316700F427A2 /* CKRecord+CKBindings.m */; };
		C9C4196413D08CF200B2FC31 /* UIKit.framework in Frameworks */ = {isa = PBXBuildFile; fileRef = C9C4196313D08CF200B2FC31 /* UIKit.framework */; };
		C9C4196B13D0B3A300B2FC31 /* NSThread+Blocks.m in Sources */ = {isa = PBXBuildFile; fileRef = C9C4196A13D0B3A300B2FC31 /* NSThread+Blocks.m */; };
		C9C4196D13D0B57000B2FC31 /* UIKit.framework in Frameworks */ = {isa = PBXBuildFile; fileRef = C9C4196313D08CF200B2FC31 /* UIKit.framework */; };
		C9C4196E13D0B8D400B2FC31 /* CoreKit.h in Headers */ = {isa = PBXBuildFile; fileRef = C9FB7C1913CF4381009597E7 /* CoreKit.h */; };
		C9C4197013D0B97500B2FC31 /* Test.xcdatamodel in Sources */ = {isa = PBXBuildFile; fileRef = C9C4196F13D0B97500B2FC31 /* Test.xcdatamodel */; };
		C9C4197113D0B97500B2FC31 /* Test.xcdatamodel in Sources */ = {isa = PBXBuildFile; fileRef = C9C4196F13D0B97500B2FC31 /* Test.xcdatamodel */; };
		C9C4197B13D4A5EF00B2FC31 /* CKConnection.h in Headers */ = {isa = PBXBuildFile; fileRef = C9C4197913D4A5EF00B2FC31 /* CKConnection.h */; };
		C9C4198013D4A61C00B2FC31 /* CKSerialization.h in Headers */ = {isa = PBXBuildFile; fileRef = C9C4197E13D4A61C00B2FC31 /* CKSerialization.h */; };
		C9C4198713D4AA8400B2FC31 /* CKNSURLConnection.h in Headers */ = {isa = PBXBuildFile; fileRef = C9C4198513D4AA8400B2FC31 /* CKNSURLConnection.h */; };
		C9C4198813D4AA8400B2FC31 /* CKNSURLConnection.m in Sources */ = {isa = PBXBuildFile; fileRef = C9C4198613D4AA8400B2FC31 /* CKNSURLConnection.m */; };
		C9E7DF4C13F98F2800AB98FF /* JSONKit.h in Headers */ = {isa = PBXBuildFile; fileRef = C9E7DF4A13F98F2800AB98FF /* JSONKit.h */; };
		C9E7DF4D13F98F2800AB98FF /* JSONKit.m in Sources */ = {isa = PBXBuildFile; fileRef = C9E7DF4B13F98F2800AB98FF /* JSONKit.m */; };
		C9E7DF5213F98F8D00AB98FF /* CKJSONKit.h in Headers */ = {isa = PBXBuildFile; fileRef = C9E7DF5013F98F8D00AB98FF /* CKJSONKit.h */; };
		C9E7DF5313F98F8D00AB98FF /* CKJSONKit.m in Sources */ = {isa = PBXBuildFile; fileRef = C9E7DF5113F98F8D00AB98FF /* CKJSONKit.m */; };
		C9F05F3413E6F12300557828 /* CKRecord+CKRouter.h in Headers */ = {isa = PBXBuildFile; fileRef = C9F05F3213E6F12300557828 /* CKRecord+CKRouter.h */; };
		C9F05F3513E6F12300557828 /* CKRecord+CKRouter.m in Sources */ = {isa = PBXBuildFile; fileRef = C9F05F3313E6F12300557828 /* CKRecord+CKRouter.m */; };
		C9F05F4013E7391700557828 /* CWInflector.h in Headers */ = {isa = PBXBuildFile; fileRef = C9F05F3913E7391700557828 /* CWInflector.h */; };
		C9F05F4113E7391700557828 /* CWInflector.mm in Sources */ = {isa = PBXBuildFile; fileRef = C9F05F3A13E7391700557828 /* CWInflector.mm */; };
		C9F05F4413E7391700557828 /* RegexKitLite.m in Sources */ = {isa = PBXBuildFile; fileRef = C9F05F3C13E7391700557828 /* RegexKitLite.m */; };
		C9F05F4613E7391700557828 /* RegexKitLite.h in Headers */ = {isa = PBXBuildFile; fileRef = C9F05F3D13E7391700557828 /* RegexKitLite.h */; };
		C9F05F4713E7391700557828 /* NSString+InflectionSupport.h in Headers */ = {isa = PBXBuildFile; fileRef = C9F05F3E13E7391700557828 /* NSString+InflectionSupport.h */; };
		C9F05F4813E7391700557828 /* NSString+InflectionSupport.m in Sources */ = {isa = PBXBuildFile; fileRef = C9F05F3F13E7391700557828 /* NSString+InflectionSupport.m */; };
		C9F2A48713E1C905005E4711 /* CKSupport.h in Headers */ = {isa = PBXBuildFile; fileRef = C9F2A48513E1C905005E4711 /* CKSupport.h */; };
		C9F2A48813E1C905005E4711 /* CKSupport.m in Sources */ = {isa = PBXBuildFile; fileRef = C9F2A48613E1C905005E4711 /* CKSupport.m */; };
		C9F2A4D613E1D067005E4711 /* CKRouterMap.h in Headers */ = {isa = PBXBuildFile; fileRef = C9F2A4D413E1D067005E4711 /* CKRouterMap.h */; };
		C9F2A4D713E1D067005E4711 /* CKRouterMap.m in Sources */ = {isa = PBXBuildFile; fileRef = C9F2A4D513E1D067005E4711 /* CKRouterMap.m */; };
		C9F2A599140BF4F300218666 /* CKBindingsTests.m in Sources */ = {isa = PBXBuildFile; fileRef = C9F2A596140BF4BF00218666 /* CKBindingsTests.m */; };
		C9F2B71813ED99DF0002D6AA /* inflections.plist in Resources */ = {isa = PBXBuildFile; fileRef = C9F05F3B13E7391700557828 /* inflections.plist */; };
		C9F4F2AD13D759F7009DAC73 /* CKDefines.h in Headers */ = {isa = PBXBuildFile; fileRef = C9F4F2AB13D759F6009DAC73 /* CKDefines.h */; };
		C9F4F2B313D75B91009DAC73 /* NIPaths.h in Headers */ = {isa = PBXBuildFile; fileRef = C9F4F2B113D75B91009DAC73 /* NIPaths.h */; };
		C9F4F2B413D75B91009DAC73 /* NIPaths.m in Sources */ = {isa = PBXBuildFile; fileRef = C9F4F2B213D75B91009DAC73 /* NIPaths.m */; };
		C9F4F2B813D882C7009DAC73 /* CKRecordPrivate.h in Headers */ = {isa = PBXBuildFile; fileRef = C9F4F2B613D882C7009DAC73 /* CKRecordPrivate.h */; };
		C9F4F2B913D882C7009DAC73 /* CKRecordPrivate.m in Sources */ = {isa = PBXBuildFile; fileRef = C9F4F2B713D882C7009DAC73 /* CKRecordPrivate.m */; };
		C9F4F2BE13D8C013009DAC73 /* CKBindings.h in Headers */ = {isa = PBXBuildFile; fileRef = C9F4F2BC13D8C012009DAC73 /* CKBindings.h */; };
		C9F4F2BF13D8C013009DAC73 /* CKBindings.m in Sources */ = {isa = PBXBuildFile; fileRef = C9F4F2BD13D8C012009DAC73 /* CKBindings.m */; };
		C9FB7C1513CF4381009597E7 /* Foundation.framework in Frameworks */ = {isa = PBXBuildFile; fileRef = C9FB7C1413CF4381009597E7 /* Foundation.framework */; };
		C9FB7C2313CF4381009597E7 /* SenTestingKit.framework in Frameworks */ = {isa = PBXBuildFile; fileRef = C9FB7C2213CF4381009597E7 /* SenTestingKit.framework */; };
		C9FB7C2613CF4381009597E7 /* Foundation.framework in Frameworks */ = {isa = PBXBuildFile; fileRef = C9FB7C1413CF4381009597E7 /* Foundation.framework */; };
		C9FB7C2B13CF4381009597E7 /* libCoreKit.a in Frameworks */ = {isa = PBXBuildFile; fileRef = C9FB7C1113CF4381009597E7 /* libCoreKit.a */; };
		C9FB7C3113CF4381009597E7 /* InfoPlist.strings in Resources */ = {isa = PBXBuildFile; fileRef = C9FB7C2F13CF4381009597E7 /* InfoPlist.strings */; };
/* End PBXBuildFile section */

/* Begin PBXContainerItemProxy section */
		C94FC37513E8861D002DFD92 /* PBXContainerItemProxy */ = {
			isa = PBXContainerItemProxy;
			containerPortal = C9FB7C0813CF4381009597E7 /* Project object */;
			proxyType = 1;
			remoteGlobalIDString = C9FB7C1013CF4381009597E7;
			remoteInfo = CoreKit;
		};
/* End PBXContainerItemProxy section */

/* Begin PBXCopyFilesBuildPhase section */
		C915059713E889A1004941A5 /* CopyFiles */ = {
			isa = PBXCopyFilesBuildPhase;
			buildActionMask = 2147483647;
			dstPath = "";
			dstSubfolderSpec = 7;
			files = (
				C915059913E889A9004941A5 /* inflections.plist in CopyFiles */,
			);
			runOnlyForDeploymentPostprocessing = 0;
		};
/* End PBXCopyFilesBuildPhase section */

/* Begin PBXFileReference section */
		C9030A2E13D60A630024AE31 /* CKRecordTests.m */ = {isa = PBXFileReference; fileEncoding = 4; lastKnownFileType = sourcecode.c.objc; path = CKRecordTests.m; sourceTree = "<group>"; };
		C9030A3113D60D610024AE31 /* Order.h */ = {isa = PBXFileReference; fileEncoding = 4; lastKnownFileType = sourcecode.c.h; path = Order.h; sourceTree = "<group>"; };
		C9030A3213D60D610024AE31 /* Order.m */ = {isa = PBXFileReference; fileEncoding = 4; lastKnownFileType = sourcecode.c.objc; path = Order.m; sourceTree = "<group>"; };
		C9030A3313D60D610024AE31 /* OrderItem.h */ = {isa = PBXFileReference; fileEncoding = 4; lastKnownFileType = sourcecode.c.h; path = OrderItem.h; sourceTree = "<group>"; };
		C9030A3413D60D610024AE31 /* OrderItem.m */ = {isa = PBXFileReference; fileEncoding = 4; lastKnownFileType = sourcecode.c.objc; path = OrderItem.m; sourceTree = "<group>"; };
		C9030A3A13D624A10024AE31 /* fixtures */ = {isa = PBXFileReference; lastKnownFileType = folder; path = fixtures; sourceTree = "<group>"; };
		C91F9D2D14042A2500C42219 /* libCoreSupport.a */ = {isa = PBXFileReference; explicitFileType = archive.ar; includeInIndex = 0; path = libCoreSupport.a; sourceTree = BUILT_PRODUCTS_DIR; };
		C91F9D3114042A2500C42219 /* CoreSupport-Prefix.pch */ = {isa = PBXFileReference; lastKnownFileType = sourcecode.c.h; path = "CoreSupport-Prefix.pch"; sourceTree = "<group>"; };
		C91F9D3214042A2500C42219 /* CoreSupport.h */ = {isa = PBXFileReference; lastKnownFileType = sourcecode.c.h; path = CoreSupport.h; sourceTree = "<group>"; };
		C91F9D3314042A2500C42219 /* CoreSupport.m */ = {isa = PBXFileReference; lastKnownFileType = sourcecode.c.objc; path = CoreSupport.m; sourceTree = "<group>"; };
		C92BA7CD13F4297800EF4BAE /* SystemConfiguration.framework */ = {isa = PBXFileReference; lastKnownFileType = wrapper.framework; name = SystemConfiguration.framework; path = System/Library/Frameworks/SystemConfiguration.framework; sourceTree = SDKROOT; };
		C92BA7D513F47B9100EF4BAE /* CKNSURLConnectionTests.m */ = {isa = PBXFileReference; fileEncoding = 4; lastKnownFileType = sourcecode.c.objc; path = CKNSURLConnectionTests.m; sourceTree = "<group>"; };
		C9377D7013D4CD370062C015 /* CKRequest.h */ = {isa = PBXFileReference; fileEncoding = 4; lastKnownFileType = sourcecode.c.h; path = CKRequest.h; sourceTree = "<group>"; };
		C9377D7113D4CD370062C015 /* CKRequest.m */ = {isa = PBXFileReference; fileEncoding = 4; lastKnownFileType = sourcecode.c.objc; path = CKRequest.m; sourceTree = "<group>"; };
		C9377D7513D4CD420062C015 /* CKRouter.h */ = {isa = PBXFileReference; fileEncoding = 4; lastKnownFileType = sourcecode.c.h; path = CKRouter.h; sourceTree = "<group>"; };
		C9377D7613D4CD420062C015 /* CKRouter.m */ = {isa = PBXFileReference; fileEncoding = 4; lastKnownFileType = sourcecode.c.objc; path = CKRouter.m; sourceTree = "<group>"; };
		C9377D7A13D4CD530062C015 /* CKResult.h */ = {isa = PBXFileReference; fileEncoding = 4; lastKnownFileType = sourcecode.c.h; path = CKResult.h; sourceTree = "<group>"; };
		C9377D7B13D4CD530062C015 /* CKResult.m */ = {isa = PBXFileReference; fileEncoding = 4; lastKnownFileType = sourcecode.c.objc; path = CKResult.m; sourceTree = "<group>"; };
		C9377D7F13D4DA4B0062C015 /* CKNSJSONSerialization.h */ = {isa = PBXFileReference; fileEncoding = 4; lastKnownFileType = sourcecode.c.h; path = CKNSJSONSerialization.h; sourceTree = "<group>"; };
		C9377D8013D4DA4B0062C015 /* CKNSJSONSerialization.m */ = {isa = PBXFileReference; fileEncoding = 4; lastKnownFileType = sourcecode.c.objc; path = CKNSJSONSerialization.m; sourceTree = "<group>"; };
		C94FC37913E8884B002DFD92 /* libicucore.dylib */ = {isa = PBXFileReference; lastKnownFileType = "compiled.mach-o.dylib"; name = libicucore.dylib; path = usr/lib/libicucore.dylib; sourceTree = SDKROOT; };
		C95D787513CF481F005C3C29 /* CKManagerTests.m */ = {isa = PBXFileReference; fileEncoding = 4; lastKnownFileType = sourcecode.c.objc; path = CKManagerTests.m; sourceTree = "<group>"; };
		C95D787813CF4D0A005C3C29 /* CKManager.h */ = {isa = PBXFileReference; fileEncoding = 4; lastKnownFileType = sourcecode.c.h; path = CKManager.h; sourceTree = "<group>"; };
		C95D787913CF4D0A005C3C29 /* CKManager.m */ = {isa = PBXFileReference; fileEncoding = 4; lastKnownFileType = sourcecode.c.objc; path = CKManager.m; sourceTree = "<group>"; };
		C95D789513CF90B6005C3C29 /* CoreData.framework */ = {isa = PBXFileReference; lastKnownFileType = wrapper.framework; name = CoreData.framework; path = System/Library/Frameworks/CoreData.framework; sourceTree = SDKROOT; };
		C95D789F13D08ADF005C3C29 /* CKCoreData.h */ = {isa = PBXFileReference; fileEncoding = 4; lastKnownFileType = sourcecode.c.h; path = CKCoreData.h; sourceTree = "<group>"; };
		C95D78A013D08ADF005C3C29 /* CKCoreData.m */ = {isa = PBXFileReference; fileEncoding = 4; lastKnownFileType = sourcecode.c.objc; path = CKCoreData.m; sourceTree = "<group>"; };
		C96C15CD13D5E91700A78055 /* CKRecord.h */ = {isa = PBXFileReference; fileEncoding = 4; lastKnownFileType = sourcecode.c.h; path = CKRecord.h; sourceTree = "<group>"; };
		C96C15CE13D5E91800A78055 /* CKRecord.m */ = {isa = PBXFileReference; fileEncoding = 4; lastKnownFileType = sourcecode.c.objc; path = CKRecord.m; sourceTree = "<group>"; };
		C986F28313FC2B17005662B3 /* NSDictionary+NSDictionary_KeyPath.h */ = {isa = PBXFileReference; fileEncoding = 4; lastKnownFileType = sourcecode.c.h; path = "NSDictionary+NSDictionary_KeyPath.h"; sourceTree = "<group>"; };
		C986F28413FC2B17005662B3 /* NSDictionary+NSDictionary_KeyPath.m */ = {isa = PBXFileReference; fileEncoding = 4; lastKnownFileType = sourcecode.c.objc; path = "NSDictionary+NSDictionary_KeyPath.m"; sourceTree = "<group>"; };
		C987410713E1E94600D7ECF1 /* CKRouterTests.m */ = {isa = PBXFileReference; fileEncoding = 4; lastKnownFileType = sourcecode.c.objc; path = CKRouterTests.m; sourceTree = "<group>"; };
		C996356713F31A7F003E7CDD /* Reachability.h */ = {isa = PBXFileReference; fileEncoding = 4; lastKnownFileType = sourcecode.c.h; path = Reachability.h; sourceTree = "<group>"; };
		C996356813F31A7F003E7CDD /* Reachability.m */ = {isa = PBXFileReference; fileEncoding = 4; lastKnownFileType = sourcecode.c.objc; path = Reachability.m; sourceTree = "<group>"; };
		C9BD06251408033C00F427A2 /* CKBindingMap.h */ = {isa = PBXFileReference; fileEncoding = 4; lastKnownFileType = sourcecode.c.h; path = CKBindingMap.h; sourceTree = "<group>"; };
		C9BD06261408033C00F427A2 /* CKBindingMap.m */ = {isa = PBXFileReference; fileEncoding = 4; lastKnownFileType = sourcecode.c.objc; path = CKBindingMap.m; sourceTree = "<group>"; };
		C9BD06291408316700F427A2 /* CKRecord+CKBindings.h */ = {isa = PBXFileReference; fileEncoding = 4; lastKnownFileType = sourcecode.c.h; path = "CKRecord+CKBindings.h"; sourceTree = "<group>"; };
		C9BD062A1408316700F427A2 /* CKRecord+CKBindings.m */ = {isa = PBXFileReference; fileEncoding = 4; lastKnownFileType = sourcecode.c.objc; path = "CKRecord+CKBindings.m"; sourceTree = "<group>"; };
		C9C4196313D08CF200B2FC31 /* UIKit.framework */ = {isa = PBXFileReference; lastKnownFileType = wrapper.framework; name = UIKit.framework; path = System/Library/Frameworks/UIKit.framework; sourceTree = SDKROOT; };
		C9C4196A13D0B3A300B2FC31 /* NSThread+Blocks.m */ = {isa = PBXFileReference; fileEncoding = 4; lastKnownFileType = sourcecode.c.objc; path = "NSThread+Blocks.m"; sourceTree = "<group>"; };
		C9C4196F13D0B97500B2FC31 /* Test.xcdatamodel */ = {isa = PBXFileReference; lastKnownFileType = wrapper.xcdatamodel; path = Test.xcdatamodel; sourceTree = "<group>"; };
		C9C4197713D0DFB700B2FC31 /* AppledocSettings.plist */ = {isa = PBXFileReference; fileEncoding = 4; lastKnownFileType = text.plist.xml; name = AppledocSettings.plist; path = ../AppledocSettings.plist; sourceTree = "<group>"; };
		C9C4197913D4A5EF00B2FC31 /* CKConnection.h */ = {isa = PBXFileReference; fileEncoding = 4; lastKnownFileType = sourcecode.c.h; path = CKConnection.h; sourceTree = "<group>"; };
		C9C4197E13D4A61C00B2FC31 /* CKSerialization.h */ = {isa = PBXFileReference; fileEncoding = 4; lastKnownFileType = sourcecode.c.h; path = CKSerialization.h; sourceTree = "<group>"; };
		C9C4198513D4AA8400B2FC31 /* CKNSURLConnection.h */ = {isa = PBXFileReference; fileEncoding = 4; lastKnownFileType = sourcecode.c.h; path = CKNSURLConnection.h; sourceTree = "<group>"; };
		C9C4198613D4AA8400B2FC31 /* CKNSURLConnection.m */ = {isa = PBXFileReference; fileEncoding = 4; lastKnownFileType = sourcecode.c.objc; path = CKNSURLConnection.m; sourceTree = "<group>"; };
		C9E7DF4A13F98F2800AB98FF /* JSONKit.h */ = {isa = PBXFileReference; fileEncoding = 4; lastKnownFileType = sourcecode.c.h; path = JSONKit.h; sourceTree = "<group>"; };
		C9E7DF4B13F98F2800AB98FF /* JSONKit.m */ = {isa = PBXFileReference; fileEncoding = 4; lastKnownFileType = sourcecode.c.objc; path = JSONKit.m; sourceTree = "<group>"; };
		C9E7DF5013F98F8D00AB98FF /* CKJSONKit.h */ = {isa = PBXFileReference; fileEncoding = 4; lastKnownFileType = sourcecode.c.h; path = CKJSONKit.h; sourceTree = "<group>"; };
		C9E7DF5113F98F8D00AB98FF /* CKJSONKit.m */ = {isa = PBXFileReference; fileEncoding = 4; lastKnownFileType = sourcecode.c.objc; path = CKJSONKit.m; sourceTree = "<group>"; };
		C9F05F3213E6F12300557828 /* CKRecord+CKRouter.h */ = {isa = PBXFileReference; fileEncoding = 4; lastKnownFileType = sourcecode.c.h; path = "CKRecord+CKRouter.h"; sourceTree = "<group>"; };
		C9F05F3313E6F12300557828 /* CKRecord+CKRouter.m */ = {isa = PBXFileReference; fileEncoding = 4; lastKnownFileType = sourcecode.c.objc; path = "CKRecord+CKRouter.m"; sourceTree = "<group>"; };
		C9F05F3913E7391700557828 /* CWInflector.h */ = {isa = PBXFileReference; fileEncoding = 4; lastKnownFileType = sourcecode.c.h; path = CWInflector.h; sourceTree = "<group>"; };
		C9F05F3A13E7391700557828 /* CWInflector.mm */ = {isa = PBXFileReference; fileEncoding = 4; lastKnownFileType = sourcecode.cpp.objcpp; path = CWInflector.mm; sourceTree = "<group>"; };
		C9F05F3B13E7391700557828 /* inflections.plist */ = {isa = PBXFileReference; lastKnownFileType = text.plist; path = inflections.plist; sourceTree = "<group>"; };
		C9F05F3C13E7391700557828 /* RegexKitLite.m */ = {isa = PBXFileReference; fileEncoding = 4; lastKnownFileType = sourcecode.c.objc; path = RegexKitLite.m; sourceTree = "<group>"; };
		C9F05F3D13E7391700557828 /* RegexKitLite.h */ = {isa = PBXFileReference; fileEncoding = 4; lastKnownFileType = sourcecode.c.h; path = RegexKitLite.h; sourceTree = "<group>"; };
		C9F05F3E13E7391700557828 /* NSString+InflectionSupport.h */ = {isa = PBXFileReference; fileEncoding = 4; lastKnownFileType = sourcecode.c.h; path = "NSString+InflectionSupport.h"; sourceTree = "<group>"; };
		C9F05F3F13E7391700557828 /* NSString+InflectionSupport.m */ = {isa = PBXFileReference; fileEncoding = 4; lastKnownFileType = sourcecode.c.objc; path = "NSString+InflectionSupport.m"; sourceTree = "<group>"; };
		C9F2A48513E1C905005E4711 /* CKSupport.h */ = {isa = PBXFileReference; fileEncoding = 4; lastKnownFileType = sourcecode.c.h; path = CKSupport.h; sourceTree = "<group>"; };
		C9F2A48613E1C905005E4711 /* CKSupport.m */ = {isa = PBXFileReference; fileEncoding = 4; lastKnownFileType = sourcecode.c.objc; path = CKSupport.m; sourceTree = "<group>"; };
		C9F2A4D413E1D067005E4711 /* CKRouterMap.h */ = {isa = PBXFileReference; fileEncoding = 4; lastKnownFileType = sourcecode.c.h; path = CKRouterMap.h; sourceTree = "<group>"; };
		C9F2A4D513E1D067005E4711 /* CKRouterMap.m */ = {isa = PBXFileReference; fileEncoding = 4; lastKnownFileType = sourcecode.c.objc; path = CKRouterMap.m; sourceTree = "<group>"; };
		C9F2A596140BF4BF00218666 /* CKBindingsTests.m */ = {isa = PBXFileReference; fileEncoding = 4; lastKnownFileType = sourcecode.c.objc; path = CKBindingsTests.m; sourceTree = "<group>"; };
		C9F4F2AB13D759F6009DAC73 /* CKDefines.h */ = {isa = PBXFileReference; fileEncoding = 4; lastKnownFileType = sourcecode.c.h; path = CKDefines.h; sourceTree = "<group>"; };
		C9F4F2B113D75B91009DAC73 /* NIPaths.h */ = {isa = PBXFileReference; fileEncoding = 4; lastKnownFileType = sourcecode.c.h; path = NIPaths.h; sourceTree = "<group>"; };
		C9F4F2B213D75B91009DAC73 /* NIPaths.m */ = {isa = PBXFileReference; fileEncoding = 4; lastKnownFileType = sourcecode.c.objc; path = NIPaths.m; sourceTree = "<group>"; };
		C9F4F2B613D882C7009DAC73 /* CKRecordPrivate.h */ = {isa = PBXFileReference; fileEncoding = 4; lastKnownFileType = sourcecode.c.h; path = CKRecordPrivate.h; sourceTree = "<group>"; };
		C9F4F2B713D882C7009DAC73 /* CKRecordPrivate.m */ = {isa = PBXFileReference; fileEncoding = 4; lastKnownFileType = sourcecode.c.objc; path = CKRecordPrivate.m; sourceTree = "<group>"; };
		C9F4F2BC13D8C012009DAC73 /* CKBindings.h */ = {isa = PBXFileReference; fileEncoding = 4; lastKnownFileType = sourcecode.c.h; path = CKBindings.h; sourceTree = "<group>"; };
		C9F4F2BD13D8C012009DAC73 /* CKBindings.m */ = {isa = PBXFileReference; fileEncoding = 4; lastKnownFileType = sourcecode.c.objc; path = CKBindings.m; sourceTree = "<group>"; };
		C9FB7C1113CF4381009597E7 /* libCoreKit.a */ = {isa = PBXFileReference; explicitFileType = archive.ar; includeInIndex = 0; path = libCoreKit.a; sourceTree = BUILT_PRODUCTS_DIR; };
		C9FB7C1413CF4381009597E7 /* Foundation.framework */ = {isa = PBXFileReference; lastKnownFileType = wrapper.framework; name = Foundation.framework; path = System/Library/Frameworks/Foundation.framework; sourceTree = SDKROOT; };
		C9FB7C1813CF4381009597E7 /* CoreKit-Prefix.pch */ = {isa = PBXFileReference; lastKnownFileType = sourcecode.c.h; path = "CoreKit-Prefix.pch"; sourceTree = "<group>"; };
		C9FB7C1913CF4381009597E7 /* CoreKit.h */ = {isa = PBXFileReference; lastKnownFileType = sourcecode.c.h; path = CoreKit.h; sourceTree = "<group>"; };
		C9FB7C2113CF4381009597E7 /* CoreKitTests.octest */ = {isa = PBXFileReference; explicitFileType = wrapper.cfbundle; includeInIndex = 0; path = CoreKitTests.octest; sourceTree = BUILT_PRODUCTS_DIR; };
		C9FB7C2213CF4381009597E7 /* SenTestingKit.framework */ = {isa = PBXFileReference; lastKnownFileType = wrapper.framework; name = SenTestingKit.framework; path = Library/Frameworks/SenTestingKit.framework; sourceTree = DEVELOPER_DIR; };
		C9FB7C2E13CF4381009597E7 /* CoreKitTests-Info.plist */ = {isa = PBXFileReference; lastKnownFileType = text.plist.xml; path = "CoreKitTests-Info.plist"; sourceTree = "<group>"; };
		C9FB7C3013CF4381009597E7 /* en */ = {isa = PBXFileReference; lastKnownFileType = text.plist.strings; name = en; path = en.lproj/InfoPlist.strings; sourceTree = "<group>"; };
/* End PBXFileReference section */

/* Begin PBXFrameworksBuildPhase section */
		C91F9D2A14042A2500C42219 /* Frameworks */ = {
			isa = PBXFrameworksBuildPhase;
			buildActionMask = 2147483647;
			files = (
				C91F9D2E14042A2500C42219 /* Foundation.framework in Frameworks */,
			);
			runOnlyForDeploymentPostprocessing = 0;
		};
		C9FB7C0E13CF4381009597E7 /* Frameworks */ = {
			isa = PBXFrameworksBuildPhase;
			buildActionMask = 2147483647;
			files = (
				C94FC37A13E8884B002DFD92 /* libicucore.dylib in Frameworks */,
				C9C4196413D08CF200B2FC31 /* UIKit.framework in Frameworks */,
				C95D789613CF90B6005C3C29 /* CoreData.framework in Frameworks */,
				C9FB7C1513CF4381009597E7 /* Foundation.framework in Frameworks */,
			);
			runOnlyForDeploymentPostprocessing = 0;
		};
		C9FB7C1D13CF4381009597E7 /* Frameworks */ = {
			isa = PBXFrameworksBuildPhase;
			buildActionMask = 2147483647;
			files = (
				C92BA7CE13F4297800EF4BAE /* SystemConfiguration.framework in Frameworks */,
				C94FC37B13E8885F002DFD92 /* libicucore.dylib in Frameworks */,
				C9FB7C2313CF4381009597E7 /* SenTestingKit.framework in Frameworks */,
				C9FB7C2613CF4381009597E7 /* Foundation.framework in Frameworks */,
				C9FB7C2B13CF4381009597E7 /* libCoreKit.a in Frameworks */,
				C95D789713CF92D0005C3C29 /* CoreData.framework in Frameworks */,
				C9C4196D13D0B57000B2FC31 /* UIKit.framework in Frameworks */,
			);
			runOnlyForDeploymentPostprocessing = 0;
		};
/* End PBXFrameworksBuildPhase section */

/* Begin PBXGroup section */
		C91F9D2F14042A2500C42219 /* CoreSupport */ = {
			isa = PBXGroup;
			children = (
				C91F9D3214042A2500C42219 /* CoreSupport.h */,
				C91F9D3314042A2500C42219 /* CoreSupport.m */,
				C91F9D3014042A2500C42219 /* Supporting Files */,
			);
			path = CoreSupport;
			sourceTree = "<group>";
		};
		C91F9D3014042A2500C42219 /* Supporting Files */ = {
			isa = PBXGroup;
			children = (
				C91F9D3114042A2500C42219 /* CoreSupport-Prefix.pch */,
			);
			name = "Supporting Files";
			sourceTree = "<group>";
		};
		C9C4198313D4A8D600B2FC31 /* Connections */ = {
			isa = PBXGroup;
			children = (
				C9C4197913D4A5EF00B2FC31 /* CKConnection.h */,
				C9C4198513D4AA8400B2FC31 /* CKNSURLConnection.h */,
				C9C4198613D4AA8400B2FC31 /* CKNSURLConnection.m */,
			);
			name = Connections;
			sourceTree = "<group>";
		};
		C9C4198413D4A8DF00B2FC31 /* Serializations */ = {
			isa = PBXGroup;
			children = (
				C9C4197E13D4A61C00B2FC31 /* CKSerialization.h */,
				C9E7DF4F13F98F3400AB98FF /* Apple */,
				C9E7DF4E13F98F2B00AB98FF /* JSONKit */,
			);
			name = Serializations;
			sourceTree = "<group>";
		};
		C9C4198D13D4B95900B2FC31 /* Vendor */ = {
			isa = PBXGroup;
			children = (
				C996356713F31A7F003E7CDD /* Reachability.h */,
				C996356813F31A7F003E7CDD /* Reachability.m */,
				C9F05F3813E738E600557828 /* NSString Inflections */,
				C9F4F2B113D75B91009DAC73 /* NIPaths.h */,
				C9F4F2B213D75B91009DAC73 /* NIPaths.m */,
				C986F28313FC2B17005662B3 /* NSDictionary+NSDictionary_KeyPath.h */,
				C986F28413FC2B17005662B3 /* NSDictionary+NSDictionary_KeyPath.m */,
			);
			name = Vendor;
			sourceTree = "<group>";
		};
		C9E7DF4E13F98F2B00AB98FF /* JSONKit */ = {
			isa = PBXGroup;
			children = (
				C9E7DF5013F98F8D00AB98FF /* CKJSONKit.h */,
				C9E7DF5113F98F8D00AB98FF /* CKJSONKit.m */,
				C9E7DF4A13F98F2800AB98FF /* JSONKit.h */,
				C9E7DF4B13F98F2800AB98FF /* JSONKit.m */,
			);
			name = JSONKit;
			sourceTree = "<group>";
		};
		C9E7DF4F13F98F3400AB98FF /* Apple */ = {
			isa = PBXGroup;
			children = (
				C9377D7F13D4DA4B0062C015 /* CKNSJSONSerialization.h */,
				C9377D8013D4DA4B0062C015 /* CKNSJSONSerialization.m */,
			);
			name = Apple;
			sourceTree = "<group>";
		};
		C9EC63E113DE00670059C65F /* Routing */ = {
			isa = PBXGroup;
			children = (
				C9377D7513D4CD420062C015 /* CKRouter.h */,
				C9377D7613D4CD420062C015 /* CKRouter.m */,
				C9F2A4D413E1D067005E4711 /* CKRouterMap.h */,
				C9F2A4D513E1D067005E4711 /* CKRouterMap.m */,
				C9F05F3213E6F12300557828 /* CKRecord+CKRouter.h */,
				C9F05F3313E6F12300557828 /* CKRecord+CKRouter.m */,
			);
			name = Routing;
			sourceTree = "<group>";
		};
		C9EC9B9313EAFEBE00D8AE9A /* Networking */ = {
			isa = PBXGroup;
			children = (
				C9377D7013D4CD370062C015 /* CKRequest.h */,
				C9377D7113D4CD370062C015 /* CKRequest.m */,
				C9377D7A13D4CD530062C015 /* CKResult.h */,
				C9377D7B13D4CD530062C015 /* CKResult.m */,
			);
			name = Networking;
			sourceTree = "<group>";
		};
		C9EC9B9413EAFEF300D8AE9A /* Core Data */ = {
			isa = PBXGroup;
			children = (
				C96C15CD13D5E91700A78055 /* CKRecord.h */,
				C96C15CE13D5E91800A78055 /* CKRecord.m */,
				C9F2B71713EC8F260002D6AA /* Private */,
				C95D789F13D08ADF005C3C29 /* CKCoreData.h */,
				C95D78A013D08ADF005C3C29 /* CKCoreData.m */,
			);
			name = "Core Data";
			sourceTree = "<group>";
		};
		C9EC9B9513EAFF1400D8AE9A /* Bindings */ = {
			isa = PBXGroup;
			children = (
				C9F4F2BC13D8C012009DAC73 /* CKBindings.h */,
				C9F4F2BD13D8C012009DAC73 /* CKBindings.m */,
				C9BD06251408033C00F427A2 /* CKBindingMap.h */,
				C9BD06261408033C00F427A2 /* CKBindingMap.m */,
				C9BD06291408316700F427A2 /* CKRecord+CKBindings.h */,
				C9BD062A1408316700F427A2 /* CKRecord+CKBindings.m */,
			);
			name = Bindings;
			sourceTree = "<group>";
		};
		C9F05F3813E738E600557828 /* NSString Inflections */ = {
			isa = PBXGroup;
			children = (
				C9F05F3913E7391700557828 /* CWInflector.h */,
				C9F05F3A13E7391700557828 /* CWInflector.mm */,
				C9F05F3B13E7391700557828 /* inflections.plist */,
				C9F05F3D13E7391700557828 /* RegexKitLite.h */,
				C9F05F3C13E7391700557828 /* RegexKitLite.m */,
				C9F05F3E13E7391700557828 /* NSString+InflectionSupport.h */,
				C9F05F3F13E7391700557828 /* NSString+InflectionSupport.m */,
			);
			name = "NSString Inflections";
			sourceTree = "<group>";
		};
		C9F2B71713EC8F260002D6AA /* Private */ = {
			isa = PBXGroup;
			children = (
				C9F4F2B613D882C7009DAC73 /* CKRecordPrivate.h */,
				C9F4F2B713D882C7009DAC73 /* CKRecordPrivate.m */,
			);
			name = Private;
			sourceTree = "<group>";
		};
		C9FB7C0613CF4381009597E7 = {
			isa = PBXGroup;
			children = (
				C9FB7C1613CF4381009597E7 /* CoreKit */,
				C9FB7C2C13CF4381009597E7 /* CoreKitTests */,
				C91F9D2F14042A2500C42219 /* CoreSupport */,
				C9FB7C1313CF4381009597E7 /* Frameworks */,
				C9FB7C1213CF4381009597E7 /* Products */,
			);
			sourceTree = "<group>";
		};
		C9FB7C1213CF4381009597E7 /* Products */ = {
			isa = PBXGroup;
			children = (
				C9FB7C1113CF4381009597E7 /* libCoreKit.a */,
				C9FB7C2113CF4381009597E7 /* CoreKitTests.octest */,
				C91F9D2D14042A2500C42219 /* libCoreSupport.a */,
			);
			name = Products;
			sourceTree = "<group>";
		};
		C9FB7C1313CF4381009597E7 /* Frameworks */ = {
			isa = PBXGroup;
			children = (
				C94FC37913E8884B002DFD92 /* libicucore.dylib */,
				C92BA7CD13F4297800EF4BAE /* SystemConfiguration.framework */,
				C9C4196313D08CF200B2FC31 /* UIKit.framework */,
				C95D789513CF90B6005C3C29 /* CoreData.framework */,
				C9FB7C1413CF4381009597E7 /* Foundation.framework */,
				C9FB7C2213CF4381009597E7 /* SenTestingKit.framework */,
			);
			name = Frameworks;
			sourceTree = "<group>";
		};
		C9FB7C1613CF4381009597E7 /* CoreKit */ = {
			isa = PBXGroup;
			children = (
				C9FB7C1913CF4381009597E7 /* CoreKit.h */,
				C9F4F2AB13D759F6009DAC73 /* CKDefines.h */,
				C95D787813CF4D0A005C3C29 /* CKManager.h */,
				C95D787913CF4D0A005C3C29 /* CKManager.m */,
				C9EC9B9413EAFEF300D8AE9A /* Core Data */,
				C9EC9B9313EAFEBE00D8AE9A /* Networking */,
				C9EC63E113DE00670059C65F /* Routing */,
				C9C4198413D4A8DF00B2FC31 /* Serializations */,
				C9C4198313D4A8D600B2FC31 /* Connections */,
				C9EC9B9513EAFF1400D8AE9A /* Bindings */,
				C9FB7C1713CF4381009597E7 /* Supporting Files */,
			);
			path = CoreKit;
			sourceTree = "<group>";
		};
		C9FB7C1713CF4381009597E7 /* Supporting Files */ = {
			isa = PBXGroup;
			children = (
				C9C4197713D0DFB700B2FC31 /* AppledocSettings.plist */,
				C9F2A48513E1C905005E4711 /* CKSupport.h */,
				C9F2A48613E1C905005E4711 /* CKSupport.m */,
				C9C4198D13D4B95900B2FC31 /* Vendor */,
				C9C4196A13D0B3A300B2FC31 /* NSThread+Blocks.m */,
				C9FB7C1813CF4381009597E7 /* CoreKit-Prefix.pch */,
			);
			name = "Supporting Files";
			sourceTree = "<group>";
		};
		C9FB7C2C13CF4381009597E7 /* CoreKitTests */ = {
			isa = PBXGroup;
			children = (
				C9F2A596140BF4BF00218666 /* CKBindingsTests.m */,
				C95D787513CF481F005C3C29 /* CKManagerTests.m */,
				C9030A2E13D60A630024AE31 /* CKRecordTests.m */,
				C987410713E1E94600D7ECF1 /* CKRouterTests.m */,
				C92BA7D513F47B9100EF4BAE /* CKNSURLConnectionTests.m */,
				C9FB7C2D13CF4381009597E7 /* Supporting Files */,
			);
			path = CoreKitTests;
			sourceTree = "<group>";
		};
		C9FB7C2D13CF4381009597E7 /* Supporting Files */ = {
			isa = PBXGroup;
			children = (
				C9030A3A13D624A10024AE31 /* fixtures */,
				C9030A3113D60D610024AE31 /* Order.h */,
				C9030A3213D60D610024AE31 /* Order.m */,
				C9030A3313D60D610024AE31 /* OrderItem.h */,
				C9030A3413D60D610024AE31 /* OrderItem.m */,
				C9C4196F13D0B97500B2FC31 /* Test.xcdatamodel */,
				C9FB7C2E13CF4381009597E7 /* CoreKitTests-Info.plist */,
				C9FB7C2F13CF4381009597E7 /* InfoPlist.strings */,
			);
			name = "Supporting Files";
			sourceTree = "<group>";
		};
/* End PBXGroup section */

/* Begin PBXHeadersBuildPhase section */
		C91F9D2B14042A2500C42219 /* Headers */ = {
			isa = PBXHeadersBuildPhase;
			buildActionMask = 2147483647;
			files = (
			);
			runOnlyForDeploymentPostprocessing = 0;
		};
		C9FB7C0F13CF4381009597E7 /* Headers */ = {
			isa = PBXHeadersBuildPhase;
			buildActionMask = 2147483647;
			files = (
				C95D787A13CF4D0A005C3C29 /* CKManager.h in Headers */,
				C95D78A113D08ADF005C3C29 /* CKCoreData.h in Headers */,
				C9C4196E13D0B8D400B2FC31 /* CoreKit.h in Headers */,
				C9C4197B13D4A5EF00B2FC31 /* CKConnection.h in Headers */,
				C9C4198013D4A61C00B2FC31 /* CKSerialization.h in Headers */,
				C9C4198713D4AA8400B2FC31 /* CKNSURLConnection.h in Headers */,
				C9377D7213D4CD370062C015 /* CKRequest.h in Headers */,
				C9377D7713D4CD420062C015 /* CKRouter.h in Headers */,
				C9377D7C13D4CD530062C015 /* CKResult.h in Headers */,
				C9377D8113D4DA4B0062C015 /* CKNSJSONSerialization.h in Headers */,
				C96C15CF13D5E91800A78055 /* CKRecord.h in Headers */,
				C9F4F2AD13D759F7009DAC73 /* CKDefines.h in Headers */,
				C9F4F2B313D75B91009DAC73 /* NIPaths.h in Headers */,
				C9F4F2B813D882C7009DAC73 /* CKRecordPrivate.h in Headers */,
				C9F4F2BE13D8C013009DAC73 /* CKBindings.h in Headers */,
				C9F2A48713E1C905005E4711 /* CKSupport.h in Headers */,
				C9F2A4D613E1D067005E4711 /* CKRouterMap.h in Headers */,
				C9F05F3413E6F12300557828 /* CKRecord+CKRouter.h in Headers */,
				C9F05F4013E7391700557828 /* CWInflector.h in Headers */,
				C9F05F4613E7391700557828 /* RegexKitLite.h in Headers */,
				C9F05F4713E7391700557828 /* NSString+InflectionSupport.h in Headers */,
				C996356913F31A7F003E7CDD /* Reachability.h in Headers */,
				C9E7DF4C13F98F2800AB98FF /* JSONKit.h in Headers */,
				C9E7DF5213F98F8D00AB98FF /* CKJSONKit.h in Headers */,
				C986F28513FC2B17005662B3 /* NSDictionary+NSDictionary_KeyPath.h in Headers */,
				C9BD06271408033C00F427A2 /* CKBindingMap.h in Headers */,
				C9BD062B1408316700F427A2 /* CKRecord+CKBindings.h in Headers */,
			);
			runOnlyForDeploymentPostprocessing = 0;
		};
/* End PBXHeadersBuildPhase section */

/* Begin PBXNativeTarget section */
		C91F9D2C14042A2500C42219 /* CoreSupport */ = {
			isa = PBXNativeTarget;
			buildConfigurationList = C91F9D3714042A2500C42219 /* Build configuration list for PBXNativeTarget "CoreSupport" */;
			buildPhases = (
				C91F9D2914042A2500C42219 /* Sources */,
				C91F9D2A14042A2500C42219 /* Frameworks */,
				C91F9D2B14042A2500C42219 /* Headers */,
			);
			buildRules = (
			);
			dependencies = (
			);
			name = CoreSupport;
			productName = CoreSupport;
			productReference = C91F9D2D14042A2500C42219 /* libCoreSupport.a */;
			productType = "com.apple.product-type.library.static";
		};
		C9FB7C1013CF4381009597E7 /* CoreKit */ = {
			isa = PBXNativeTarget;
			buildConfigurationList = C9FB7C3813CF4381009597E7 /* Build configuration list for PBXNativeTarget "CoreKit" */;
			buildPhases = (
				C9FB7C0D13CF4381009597E7 /* Sources */,
				C9FB7C0E13CF4381009597E7 /* Frameworks */,
				C9FB7C0F13CF4381009597E7 /* Headers */,
				C915059713E889A1004941A5 /* CopyFiles */,
			);
			buildRules = (
			);
			dependencies = (
			);
			name = CoreKit;
			productName = CoreKit;
			productReference = C9FB7C1113CF4381009597E7 /* libCoreKit.a */;
			productType = "com.apple.product-type.library.static";
		};
		C9FB7C2013CF4381009597E7 /* CoreKitTests */ = {
			isa = PBXNativeTarget;
			buildConfigurationList = C9FB7C3B13CF4381009597E7 /* Build configuration list for PBXNativeTarget "CoreKitTests" */;
			buildPhases = (
				C9FB7C1C13CF4381009597E7 /* Sources */,
				C9FB7C1D13CF4381009597E7 /* Frameworks */,
				C9FB7C1E13CF4381009597E7 /* Resources */,
				C9FB7C1F13CF4381009597E7 /* ShellScript */,
			);
			buildRules = (
			);
			dependencies = (
				C94FC37613E8861D002DFD92 /* PBXTargetDependency */,
			);
			name = CoreKitTests;
			productName = CoreKitTests;
			productReference = C9FB7C2113CF4381009597E7 /* CoreKitTests.octest */;
			productType = "com.apple.product-type.bundle";
		};
/* End PBXNativeTarget section */

/* Begin PBXProject section */
		C9FB7C0813CF4381009597E7 /* Project object */ = {
			isa = PBXProject;
			attributes = {
				LastUpgradeCheck = 0420;
				ORGANIZATIONNAME = "MNDCreative, LLC";
			};
			buildConfigurationList = C9FB7C0B13CF4381009597E7 /* Build configuration list for PBXProject "CoreKit" */;
			compatibilityVersion = "Xcode 3.2";
			developmentRegion = English;
			hasScannedForEncodings = 0;
			knownRegions = (
				en,
			);
			mainGroup = C9FB7C0613CF4381009597E7;
			productRefGroup = C9FB7C1213CF4381009597E7 /* Products */;
			projectDirPath = "";
			projectRoot = "";
			targets = (
				C9FB7C1013CF4381009597E7 /* CoreKit */,
				C91F9D2C14042A2500C42219 /* CoreSupport */,
				C9FB7C2013CF4381009597E7 /* CoreKitTests */,
			);
		};
/* End PBXProject section */

/* Begin PBXResourcesBuildPhase section */
		C9FB7C1E13CF4381009597E7 /* Resources */ = {
			isa = PBXResourcesBuildPhase;
			buildActionMask = 2147483647;
			files = (
				C9FB7C3113CF4381009597E7 /* InfoPlist.strings in Resources */,
				C9030A3B13D624A10024AE31 /* fixtures in Resources */,
				C9F2B71813ED99DF0002D6AA /* inflections.plist in Resources */,
			);
			runOnlyForDeploymentPostprocessing = 0;
		};
/* End PBXResourcesBuildPhase section */

/* Begin PBXShellScriptBuildPhase section */
		C9FB7C1F13CF4381009597E7 /* ShellScript */ = {
			isa = PBXShellScriptBuildPhase;
			buildActionMask = 2147483647;
			files = (
			);
			inputPaths = (
			);
			outputPaths = (
			);
			runOnlyForDeploymentPostprocessing = 0;
			shellPath = /bin/sh;
			shellScript = "# Run the unit tests in this test bundle.\n\"${SYSTEM_DEVELOPER_DIR}/Tools/RunUnitTests\"\n";
		};
/* End PBXShellScriptBuildPhase section */

/* Begin PBXSourcesBuildPhase section */
		C91F9D2914042A2500C42219 /* Sources */ = {
			isa = PBXSourcesBuildPhase;
			buildActionMask = 2147483647;
			files = (
				C91F9D3414042A2500C42219 /* CoreSupport.m in Sources */,
			);
			runOnlyForDeploymentPostprocessing = 0;
		};
		C9FB7C0D13CF4381009597E7 /* Sources */ = {
			isa = PBXSourcesBuildPhase;
			buildActionMask = 2147483647;
			files = (
				C95D787B13CF4D0A005C3C29 /* CKManager.m in Sources */,
				C95D78A213D08ADF005C3C29 /* CKCoreData.m in Sources */,
				C9C4196B13D0B3A300B2FC31 /* NSThread+Blocks.m in Sources */,
				C9C4197013D0B97500B2FC31 /* Test.xcdatamodel in Sources */,
				C9C4198813D4AA8400B2FC31 /* CKNSURLConnection.m in Sources */,
				C9377D7313D4CD370062C015 /* CKRequest.m in Sources */,
				C9377D7813D4CD420062C015 /* CKRouter.m in Sources */,
				C9377D7D13D4CD530062C015 /* CKResult.m in Sources */,
				C9377D8213D4DA4B0062C015 /* CKNSJSONSerialization.m in Sources */,
				C96C15D013D5E91800A78055 /* CKRecord.m in Sources */,
				C9F4F2B413D75B91009DAC73 /* NIPaths.m in Sources */,
				C9F4F2B913D882C7009DAC73 /* CKRecordPrivate.m in Sources */,
				C9F4F2BF13D8C013009DAC73 /* CKBindings.m in Sources */,
				C9F2A48813E1C905005E4711 /* CKSupport.m in Sources */,
				C9F2A4D713E1D067005E4711 /* CKRouterMap.m in Sources */,
				C9F05F3513E6F12300557828 /* CKRecord+CKRouter.m in Sources */,
				C9F05F4113E7391700557828 /* CWInflector.mm in Sources */,
				C9F05F4413E7391700557828 /* RegexKitLite.m in Sources */,
				C9F05F4813E7391700557828 /* NSString+InflectionSupport.m in Sources */,
				C996356A13F31A7F003E7CDD /* Reachability.m in Sources */,
				C9E7DF4D13F98F2800AB98FF /* JSONKit.m in Sources */,
				C9E7DF5313F98F8D00AB98FF /* CKJSONKit.m in Sources */,
				C986F28613FC2B17005662B3 /* NSDictionary+NSDictionary_KeyPath.m in Sources */,
				C9BD06281408033C00F427A2 /* CKBindingMap.m in Sources */,
				C9BD062C1408316700F427A2 /* CKRecord+CKBindings.m in Sources */,
			);
			runOnlyForDeploymentPostprocessing = 0;
		};
		C9FB7C1C13CF4381009597E7 /* Sources */ = {
			isa = PBXSourcesBuildPhase;
			buildActionMask = 2147483647;
			files = (
				C95D787613CF481F005C3C29 /* CKManagerTests.m in Sources */,
				C9C4197113D0B97500B2FC31 /* Test.xcdatamodel in Sources */,
				C9030A2F13D60A630024AE31 /* CKRecordTests.m in Sources */,
				C987410813E1E94600D7ECF1 /* CKRouterTests.m in Sources */,
				C94FC37713E8877A002DFD92 /* Order.m in Sources */,
				C94FC37813E8877A002DFD92 /* OrderItem.m in Sources */,
				C92BA7D613F47B9100EF4BAE /* CKNSURLConnectionTests.m in Sources */,
				C9F2A599140BF4F300218666 /* CKBindingsTests.m in Sources */,
			);
			runOnlyForDeploymentPostprocessing = 0;
		};
/* End PBXSourcesBuildPhase section */

/* Begin PBXTargetDependency section */
		C94FC37613E8861D002DFD92 /* PBXTargetDependency */ = {
			isa = PBXTargetDependency;
			target = C9FB7C1013CF4381009597E7 /* CoreKit */;
			targetProxy = C94FC37513E8861D002DFD92 /* PBXContainerItemProxy */;
		};
/* End PBXTargetDependency section */

/* Begin PBXVariantGroup section */
		C9FB7C2F13CF4381009597E7 /* InfoPlist.strings */ = {
			isa = PBXVariantGroup;
			children = (
				C9FB7C3013CF4381009597E7 /* en */,
			);
			name = InfoPlist.strings;
			sourceTree = "<group>";
		};
/* End PBXVariantGroup section */

/* Begin XCBuildConfiguration section */
		C91F9D3514042A2500C42219 /* Debug */ = {
			isa = XCBuildConfiguration;
			buildSettings = {
				DSTROOT = /tmp/CoreSupport.dst;
				GCC_PRECOMPILE_PREFIX_HEADER = YES;
				GCC_PREFIX_HEADER = "CoreSupport/CoreSupport-Prefix.pch";
				IPHONEOS_DEPLOYMENT_TARGET = 5.0;
				OTHER_LDFLAGS = "-ObjC";
				PRODUCT_NAME = "$(TARGET_NAME)";
				SKIP_INSTALL = YES;
			};
			name = Debug;
		};
		C91F9D3614042A2500C42219 /* Release */ = {
			isa = XCBuildConfiguration;
			buildSettings = {
				DSTROOT = /tmp/CoreSupport.dst;
				GCC_PRECOMPILE_PREFIX_HEADER = YES;
				GCC_PREFIX_HEADER = "CoreSupport/CoreSupport-Prefix.pch";
				IPHONEOS_DEPLOYMENT_TARGET = 5.0;
				OTHER_LDFLAGS = "-ObjC";
				PRODUCT_NAME = "$(TARGET_NAME)";
				SKIP_INSTALL = YES;
			};
			name = Release;
		};
		C9FB7C3613CF4381009597E7 /* Debug */ = {
			isa = XCBuildConfiguration;
			buildSettings = {
				ALWAYS_SEARCH_USER_PATHS = NO;
				ARCHS = "$(ARCHS_STANDARD_32_BIT)";
				CLANG_ENABLE_OBJC_ARC = NO;
				COPY_PHASE_STRIP = NO;
				GCC_C_LANGUAGE_STANDARD = gnu99;
				GCC_DYNAMIC_NO_PIC = NO;
				GCC_OPTIMIZATION_LEVEL = 0;
				GCC_PREFIX_HEADER = "CoreKit/CoreKit-Prefix.pch";
				GCC_PREPROCESSOR_DEFINITIONS = (
					"DEBUG=1",
					"$(inherited)",
				);
				GCC_SYMBOLS_PRIVATE_EXTERN = NO;
				GCC_VERSION = com.apple.compilers.llvm.clang.1_0;
				GCC_WARN_ABOUT_MISSING_PROTOTYPES = YES;
				GCC_WARN_ABOUT_RETURN_TYPE = YES;
				GCC_WARN_UNUSED_VARIABLE = YES;
				IPHONEOS_DEPLOYMENT_TARGET = 4.0;
				SDKROOT = iphoneos;
			};
			name = Debug;
		};
		C9FB7C3713CF4381009597E7 /* Release */ = {
			isa = XCBuildConfiguration;
			buildSettings = {
				ALWAYS_SEARCH_USER_PATHS = NO;
				ARCHS = "$(ARCHS_STANDARD_32_BIT)";
				CLANG_ENABLE_OBJC_ARC = NO;
				COPY_PHASE_STRIP = YES;
				GCC_C_LANGUAGE_STANDARD = gnu99;
				GCC_PREFIX_HEADER = "CoreKit/CoreKit-Prefix.pch";
				GCC_VERSION = com.apple.compilers.llvm.clang.1_0;
				GCC_WARN_ABOUT_MISSING_PROTOTYPES = YES;
				GCC_WARN_ABOUT_RETURN_TYPE = YES;
				GCC_WARN_UNUSED_VARIABLE = YES;
				IPHONEOS_DEPLOYMENT_TARGET = 4.0;
				SDKROOT = iphoneos;
				VALIDATE_PRODUCT = YES;
			};
			name = Release;
		};
		C9FB7C3913CF4381009597E7 /* Debug */ = {
			isa = XCBuildConfiguration;
			buildSettings = {
				DSTROOT = /tmp/CoreKit.dst;
				GCC_PRECOMPILE_PREFIX_HEADER = YES;
				GCC_PREFIX_HEADER = "CoreKit/CoreKit-Prefix.pch";
				GCC_PREPROCESSOR_DEFINITIONS = (
					"DEBUG=1",
					"$(inherited)",
				);
				OTHER_LDFLAGS = (
					"-ObjC",
					"-all_load",
				);
				PRODUCT_NAME = "$(TARGET_NAME)";
				SKIP_INSTALL = YES;
			};
			name = Debug;
		};
		C9FB7C3A13CF4381009597E7 /* Release */ = {
			isa = XCBuildConfiguration;
			buildSettings = {
				DSTROOT = /tmp/CoreKit.dst;
				GCC_PRECOMPILE_PREFIX_HEADER = YES;
				GCC_PREFIX_HEADER = "CoreKit/CoreKit-Prefix.pch";
				OTHER_LDFLAGS = (
					"-ObjC",
					"-all_load",
				);
				PRODUCT_NAME = "$(TARGET_NAME)";
				SKIP_INSTALL = YES;
			};
			name = Release;
		};
		C9FB7C3C13CF4381009597E7 /* Debug */ = {
			isa = XCBuildConfiguration;
			buildSettings = {
				FRAMEWORK_SEARCH_PATHS = (
					"$(SDKROOT)/Developer/Library/Frameworks",
					"$(DEVELOPER_LIBRARY_DIR)/Frameworks",
				);
				GCC_PRECOMPILE_PREFIX_HEADER = YES;
				INFOPLIST_FILE = "CoreKitTests/CoreKitTests-Info.plist";
				OTHER_LDFLAGS = (
					"-ObjC",
					"-all_load",
				);
				PRODUCT_NAME = "$(TARGET_NAME)";
				WRAPPER_EXTENSION = octest;
			};
			name = Debug;
		};
		C9FB7C3D13CF4381009597E7 /* Release */ = {
			isa = XCBuildConfiguration;
			buildSettings = {
				FRAMEWORK_SEARCH_PATHS = (
					"$(SDKROOT)/Developer/Library/Frameworks",
					"$(DEVELOPER_LIBRARY_DIR)/Frameworks",
				);
				GCC_PRECOMPILE_PREFIX_HEADER = YES;
				INFOPLIST_FILE = "CoreKitTests/CoreKitTests-Info.plist";
				OTHER_LDFLAGS = (
					"-ObjC",
					"-all_load",
				);
				PRODUCT_NAME = "$(TARGET_NAME)";
				WRAPPER_EXTENSION = octest;
			};
			name = Release;
		};
/* End XCBuildConfiguration section */

/* Begin XCConfigurationList section */
		C91F9D3714042A2500C42219 /* Build configuration list for PBXNativeTarget "CoreSupport" */ = {
			isa = XCConfigurationList;
			buildConfigurations = (
				C91F9D3514042A2500C42219 /* Debug */,
				C91F9D3614042A2500C42219 /* Release */,
			);
			defaultConfigurationIsVisible = 0;
			defaultConfigurationName = Release;
		};
		C9FB7C0B13CF4381009597E7 /* Build configuration list for PBXProject "CoreKit" */ = {
			isa = XCConfigurationList;
			buildConfigurations = (
				C9FB7C3613CF4381009597E7 /* Debug */,
				C9FB7C3713CF4381009597E7 /* Release */,
			);
			defaultConfigurationIsVisible = 0;
			defaultConfigurationName = Release;
		};
		C9FB7C3813CF4381009597E7 /* Build configuration list for PBXNativeTarget "CoreKit" */ = {
			isa = XCConfigurationList;
			buildConfigurations = (
				C9FB7C3913CF4381009597E7 /* Debug */,
				C9FB7C3A13CF4381009597E7 /* Release */,
			);
			defaultConfigurationIsVisible = 0;
			defaultConfigurationName = Release;
		};
		C9FB7C3B13CF4381009597E7 /* Build configuration list for PBXNativeTarget "CoreKitTests" */ = {
			isa = XCConfigurationList;
			buildConfigurations = (
				C9FB7C3C13CF4381009597E7 /* Debug */,
				C9FB7C3D13CF4381009597E7 /* Release */,
			);
			defaultConfigurationIsVisible = 0;
			defaultConfigurationName = Release;
		};
/* End XCConfigurationList section */
	};
	rootObject = C9FB7C0813CF4381009597E7 /* Project object */;
}
