// !$*UTF8*$!
{
	archiveVersion = 1;
	classes = {
	};
	objectVersion = 46;
	objects = {

/* Begin PBXBuildFile section */
		C9030A2F13D60A630024AE31 /* CKRecordTests.m in Sources */ = {isa = PBXBuildFile; fileRef = C9030A2E13D60A630024AE31 /* CKRecordTests.m */; };
		C9030A3513D60D610024AE31 /* Order.m in Sources */ = {isa = PBXBuildFile; fileRef = C9030A3213D60D610024AE31 /* Order.m */; };
		C9030A3613D60D610024AE31 /* OrderItem.m in Sources */ = {isa = PBXBuildFile; fileRef = C9030A3413D60D610024AE31 /* OrderItem.m */; };
		C9030A3B13D624A10024AE31 /* fixtures in Resources */ = {isa = PBXBuildFile; fileRef = C9030A3A13D624A10024AE31 /* fixtures */; };
		C9377D7213D4CD370062C015 /* CKRequest.h in Headers */ = {isa = PBXBuildFile; fileRef = C9377D7013D4CD370062C015 /* CKRequest.h */; };
		C9377D7313D4CD370062C015 /* CKRequest.m in Sources */ = {isa = PBXBuildFile; fileRef = C9377D7113D4CD370062C015 /* CKRequest.m */; };
		C9377D7413D4CD370062C015 /* CKRequest.m in Sources */ = {isa = PBXBuildFile; fileRef = C9377D7113D4CD370062C015 /* CKRequest.m */; };
		C9377D7713D4CD420062C015 /* CKRouter.h in Headers */ = {isa = PBXBuildFile; fileRef = C9377D7513D4CD420062C015 /* CKRouter.h */; };
		C9377D7813D4CD420062C015 /* CKRouter.m in Sources */ = {isa = PBXBuildFile; fileRef = C9377D7613D4CD420062C015 /* CKRouter.m */; };
		C9377D7913D4CD420062C015 /* CKRouter.m in Sources */ = {isa = PBXBuildFile; fileRef = C9377D7613D4CD420062C015 /* CKRouter.m */; };
		C9377D7C13D4CD530062C015 /* CKResult.h in Headers */ = {isa = PBXBuildFile; fileRef = C9377D7A13D4CD530062C015 /* CKResult.h */; };
		C9377D7D13D4CD530062C015 /* CKResult.m in Sources */ = {isa = PBXBuildFile; fileRef = C9377D7B13D4CD530062C015 /* CKResult.m */; };
		C9377D7E13D4CD530062C015 /* CKResult.m in Sources */ = {isa = PBXBuildFile; fileRef = C9377D7B13D4CD530062C015 /* CKResult.m */; };
		C9377D8113D4DA4B0062C015 /* CKNSJSONSerialization.h in Headers */ = {isa = PBXBuildFile; fileRef = C9377D7F13D4DA4B0062C015 /* CKNSJSONSerialization.h */; };
		C9377D8213D4DA4B0062C015 /* CKNSJSONSerialization.m in Sources */ = {isa = PBXBuildFile; fileRef = C9377D8013D4DA4B0062C015 /* CKNSJSONSerialization.m */; };
		C9377D8313D4DA4B0062C015 /* CKNSJSONSerialization.m in Sources */ = {isa = PBXBuildFile; fileRef = C9377D8013D4DA4B0062C015 /* CKNSJSONSerialization.m */; };
		C95D787613CF481F005C3C29 /* CKManagerTests.m in Sources */ = {isa = PBXBuildFile; fileRef = C95D787513CF481F005C3C29 /* CKManagerTests.m */; };
		C95D787A13CF4D0A005C3C29 /* CKManager.h in Headers */ = {isa = PBXBuildFile; fileRef = C95D787813CF4D0A005C3C29 /* CKManager.h */; };
		C95D787B13CF4D0A005C3C29 /* CKManager.m in Sources */ = {isa = PBXBuildFile; fileRef = C95D787913CF4D0A005C3C29 /* CKManager.m */; };
		C95D787C13CF4D0A005C3C29 /* CKManager.m in Sources */ = {isa = PBXBuildFile; fileRef = C95D787913CF4D0A005C3C29 /* CKManager.m */; };
		C95D789613CF90B6005C3C29 /* CoreData.framework in Frameworks */ = {isa = PBXBuildFile; fileRef = C95D789513CF90B6005C3C29 /* CoreData.framework */; };
		C95D789713CF92D0005C3C29 /* CoreData.framework in Frameworks */ = {isa = PBXBuildFile; fileRef = C95D789513CF90B6005C3C29 /* CoreData.framework */; };
		C95D78A113D08ADF005C3C29 /* CKCoreData.h in Headers */ = {isa = PBXBuildFile; fileRef = C95D789F13D08ADF005C3C29 /* CKCoreData.h */; };
		C95D78A213D08ADF005C3C29 /* CKCoreData.m in Sources */ = {isa = PBXBuildFile; fileRef = C95D78A013D08ADF005C3C29 /* CKCoreData.m */; };
		C95D78A313D08ADF005C3C29 /* CKCoreData.m in Sources */ = {isa = PBXBuildFile; fileRef = C95D78A013D08ADF005C3C29 /* CKCoreData.m */; };
		C96C15C913D5DBE700A78055 /* CKRequestQueue.h in Headers */ = {isa = PBXBuildFile; fileRef = C96C15C713D5DBE700A78055 /* CKRequestQueue.h */; };
		C96C15CA13D5DBE700A78055 /* CKRequestQueue.m in Sources */ = {isa = PBXBuildFile; fileRef = C96C15C813D5DBE700A78055 /* CKRequestQueue.m */; };
		C96C15CB13D5DBE700A78055 /* CKRequestQueue.m in Sources */ = {isa = PBXBuildFile; fileRef = C96C15C813D5DBE700A78055 /* CKRequestQueue.m */; };
		C96C15CF13D5E91800A78055 /* CKRecord.h in Headers */ = {isa = PBXBuildFile; fileRef = C96C15CD13D5E91700A78055 /* CKRecord.h */; };
		C96C15D013D5E91800A78055 /* CKRecord.m in Sources */ = {isa = PBXBuildFile; fileRef = C96C15CE13D5E91800A78055 /* CKRecord.m */; };
		C96C15D113D5E91800A78055 /* CKRecord.m in Sources */ = {isa = PBXBuildFile; fileRef = C96C15CE13D5E91800A78055 /* CKRecord.m */; };
		C9C4196413D08CF200B2FC31 /* UIKit.framework in Frameworks */ = {isa = PBXBuildFile; fileRef = C9C4196313D08CF200B2FC31 /* UIKit.framework */; };
		C9C4196B13D0B3A300B2FC31 /* NSThread+Blocks.m in Sources */ = {isa = PBXBuildFile; fileRef = C9C4196A13D0B3A300B2FC31 /* NSThread+Blocks.m */; };
		C9C4196C13D0B3A300B2FC31 /* NSThread+Blocks.m in Sources */ = {isa = PBXBuildFile; fileRef = C9C4196A13D0B3A300B2FC31 /* NSThread+Blocks.m */; };
		C9C4196D13D0B57000B2FC31 /* UIKit.framework in Frameworks */ = {isa = PBXBuildFile; fileRef = C9C4196313D08CF200B2FC31 /* UIKit.framework */; };
		C9C4196E13D0B8D400B2FC31 /* CoreKit.h in Headers */ = {isa = PBXBuildFile; fileRef = C9FB7C1913CF4381009597E7 /* CoreKit.h */; };
		C9C4197013D0B97500B2FC31 /* Test.xcdatamodel in Sources */ = {isa = PBXBuildFile; fileRef = C9C4196F13D0B97500B2FC31 /* Test.xcdatamodel */; };
		C9C4197113D0B97500B2FC31 /* Test.xcdatamodel in Sources */ = {isa = PBXBuildFile; fileRef = C9C4196F13D0B97500B2FC31 /* Test.xcdatamodel */; };
		C9C4197813D0DFB700B2FC31 /* AppledocSettings.plist in Resources */ = {isa = PBXBuildFile; fileRef = C9C4197713D0DFB700B2FC31 /* AppledocSettings.plist */; };
		C9C4197B13D4A5EF00B2FC31 /* CKConnection.h in Headers */ = {isa = PBXBuildFile; fileRef = C9C4197913D4A5EF00B2FC31 /* CKConnection.h */; };
		C9C4198013D4A61C00B2FC31 /* CKSerialization.h in Headers */ = {isa = PBXBuildFile; fileRef = C9C4197E13D4A61C00B2FC31 /* CKSerialization.h */; };
		C9C4198713D4AA8400B2FC31 /* CKNSURLConnection.h in Headers */ = {isa = PBXBuildFile; fileRef = C9C4198513D4AA8400B2FC31 /* CKNSURLConnection.h */; };
		C9C4198813D4AA8400B2FC31 /* CKNSURLConnection.m in Sources */ = {isa = PBXBuildFile; fileRef = C9C4198613D4AA8400B2FC31 /* CKNSURLConnection.m */; };
		C9C4198913D4AA8400B2FC31 /* CKNSURLConnection.m in Sources */ = {isa = PBXBuildFile; fileRef = C9C4198613D4AA8400B2FC31 /* CKNSURLConnection.m */; };
		C9F2A48713E1C905005E4711 /* CKSupport.h in Headers */ = {isa = PBXBuildFile; fileRef = C9F2A48513E1C905005E4711 /* CKSupport.h */; };
		C9F2A48813E1C905005E4711 /* CKSupport.m in Sources */ = {isa = PBXBuildFile; fileRef = C9F2A48613E1C905005E4711 /* CKSupport.m */; };
		C9F2A48913E1C905005E4711 /* CKSupport.m in Sources */ = {isa = PBXBuildFile; fileRef = C9F2A48613E1C905005E4711 /* CKSupport.m */; };
		C9F4F2AD13D759F7009DAC73 /* CKDefines.h in Headers */ = {isa = PBXBuildFile; fileRef = C9F4F2AB13D759F6009DAC73 /* CKDefines.h */; };
		C9F4F2B313D75B91009DAC73 /* NIPaths.h in Headers */ = {isa = PBXBuildFile; fileRef = C9F4F2B113D75B91009DAC73 /* NIPaths.h */; };
		C9F4F2B413D75B91009DAC73 /* NIPaths.m in Sources */ = {isa = PBXBuildFile; fileRef = C9F4F2B213D75B91009DAC73 /* NIPaths.m */; };
		C9F4F2B513D75B91009DAC73 /* NIPaths.m in Sources */ = {isa = PBXBuildFile; fileRef = C9F4F2B213D75B91009DAC73 /* NIPaths.m */; };
		C9F4F2B813D882C7009DAC73 /* CKRecordPrivate.h in Headers */ = {isa = PBXBuildFile; fileRef = C9F4F2B613D882C7009DAC73 /* CKRecordPrivate.h */; };
		C9F4F2B913D882C7009DAC73 /* CKRecordPrivate.m in Sources */ = {isa = PBXBuildFile; fileRef = C9F4F2B713D882C7009DAC73 /* CKRecordPrivate.m */; };
		C9F4F2BA13D882C7009DAC73 /* CKRecordPrivate.m in Sources */ = {isa = PBXBuildFile; fileRef = C9F4F2B713D882C7009DAC73 /* CKRecordPrivate.m */; };
		C9F4F2BE13D8C013009DAC73 /* CKBindings.h in Headers */ = {isa = PBXBuildFile; fileRef = C9F4F2BC13D8C012009DAC73 /* CKBindings.h */; };
		C9F4F2BF13D8C013009DAC73 /* CKBindings.m in Sources */ = {isa = PBXBuildFile; fileRef = C9F4F2BD13D8C012009DAC73 /* CKBindings.m */; };
		C9F4F2C013D8C013009DAC73 /* CKBindings.m in Sources */ = {isa = PBXBuildFile; fileRef = C9F4F2BD13D8C012009DAC73 /* CKBindings.m */; };
		C9FB7C1513CF4381009597E7 /* Foundation.framework in Frameworks */ = {isa = PBXBuildFile; fileRef = C9FB7C1413CF4381009597E7 /* Foundation.framework */; };
		C9FB7C2313CF4381009597E7 /* SenTestingKit.framework in Frameworks */ = {isa = PBXBuildFile; fileRef = C9FB7C2213CF4381009597E7 /* SenTestingKit.framework */; };
		C9FB7C2613CF4381009597E7 /* Foundation.framework in Frameworks */ = {isa = PBXBuildFile; fileRef = C9FB7C1413CF4381009597E7 /* Foundation.framework */; };
		C9FB7C2B13CF4381009597E7 /* libCoreKit.a in Frameworks */ = {isa = PBXBuildFile; fileRef = C9FB7C1113CF4381009597E7 /* libCoreKit.a */; };
		C9FB7C3113CF4381009597E7 /* InfoPlist.strings in Resources */ = {isa = PBXBuildFile; fileRef = C9FB7C2F13CF4381009597E7 /* InfoPlist.strings */; };
/* End PBXBuildFile section */

/* Begin PBXContainerItemProxy section */
		C9FB7C2913CF4381009597E7 /* PBXContainerItemProxy */ = {
			isa = PBXContainerItemProxy;
			containerPortal = C9FB7C0813CF4381009597E7 /* Project object */;
			proxyType = 1;
			remoteGlobalIDString = C9FB7C1013CF4381009597E7;
			remoteInfo = CoreKit;
		};
/* End PBXContainerItemProxy section */

/* Begin PBXFileReference section */
		C9030A2E13D60A630024AE31 /* CKRecordTests.m */ = {isa = PBXFileReference; fileEncoding = 4; lastKnownFileType = sourcecode.c.objc; path = CKRecordTests.m; sourceTree = "<group>"; };
		C9030A3113D60D610024AE31 /* Order.h */ = {isa = PBXFileReference; fileEncoding = 4; lastKnownFileType = sourcecode.c.h; path = Order.h; sourceTree = "<group>"; };
		C9030A3213D60D610024AE31 /* Order.m */ = {isa = PBXFileReference; fileEncoding = 4; lastKnownFileType = sourcecode.c.objc; path = Order.m; sourceTree = "<group>"; };
		C9030A3313D60D610024AE31 /* OrderItem.h */ = {isa = PBXFileReference; fileEncoding = 4; lastKnownFileType = sourcecode.c.h; path = OrderItem.h; sourceTree = "<group>"; };
		C9030A3413D60D610024AE31 /* OrderItem.m */ = {isa = PBXFileReference; fileEncoding = 4; lastKnownFileType = sourcecode.c.objc; path = OrderItem.m; sourceTree = "<group>"; };
		C9030A3A13D624A10024AE31 /* fixtures */ = {isa = PBXFileReference; lastKnownFileType = folder; path = fixtures; sourceTree = "<group>"; };
		C9377D7013D4CD370062C015 /* CKRequest.h */ = {isa = PBXFileReference; fileEncoding = 4; lastKnownFileType = sourcecode.c.h; path = CKRequest.h; sourceTree = "<group>"; };
		C9377D7113D4CD370062C015 /* CKRequest.m */ = {isa = PBXFileReference; fileEncoding = 4; lastKnownFileType = sourcecode.c.objc; path = CKRequest.m; sourceTree = "<group>"; };
		C9377D7513D4CD420062C015 /* CKRouter.h */ = {isa = PBXFileReference; fileEncoding = 4; lastKnownFileType = sourcecode.c.h; path = CKRouter.h; sourceTree = "<group>"; };
		C9377D7613D4CD420062C015 /* CKRouter.m */ = {isa = PBXFileReference; fileEncoding = 4; lastKnownFileType = sourcecode.c.objc; path = CKRouter.m; sourceTree = "<group>"; };
		C9377D7A13D4CD530062C015 /* CKResult.h */ = {isa = PBXFileReference; fileEncoding = 4; lastKnownFileType = sourcecode.c.h; path = CKResult.h; sourceTree = "<group>"; };
		C9377D7B13D4CD530062C015 /* CKResult.m */ = {isa = PBXFileReference; fileEncoding = 4; lastKnownFileType = sourcecode.c.objc; path = CKResult.m; sourceTree = "<group>"; };
		C9377D7F13D4DA4B0062C015 /* CKNSJSONSerialization.h */ = {isa = PBXFileReference; fileEncoding = 4; lastKnownFileType = sourcecode.c.h; path = CKNSJSONSerialization.h; sourceTree = "<group>"; };
		C9377D8013D4DA4B0062C015 /* CKNSJSONSerialization.m */ = {isa = PBXFileReference; fileEncoding = 4; lastKnownFileType = sourcecode.c.objc; path = CKNSJSONSerialization.m; sourceTree = "<group>"; };
		C95D787513CF481F005C3C29 /* CKManagerTests.m */ = {isa = PBXFileReference; fileEncoding = 4; lastKnownFileType = sourcecode.c.objc; path = CKManagerTests.m; sourceTree = "<group>"; };
		C95D787813CF4D0A005C3C29 /* CKManager.h */ = {isa = PBXFileReference; fileEncoding = 4; lastKnownFileType = sourcecode.c.h; path = CKManager.h; sourceTree = "<group>"; };
		C95D787913CF4D0A005C3C29 /* CKManager.m */ = {isa = PBXFileReference; fileEncoding = 4; lastKnownFileType = sourcecode.c.objc; path = CKManager.m; sourceTree = "<group>"; };
		C95D789513CF90B6005C3C29 /* CoreData.framework */ = {isa = PBXFileReference; lastKnownFileType = wrapper.framework; name = CoreData.framework; path = System/Library/Frameworks/CoreData.framework; sourceTree = SDKROOT; };
		C95D789F13D08ADF005C3C29 /* CKCoreData.h */ = {isa = PBXFileReference; fileEncoding = 4; lastKnownFileType = sourcecode.c.h; path = CKCoreData.h; sourceTree = "<group>"; };
		C95D78A013D08ADF005C3C29 /* CKCoreData.m */ = {isa = PBXFileReference; fileEncoding = 4; lastKnownFileType = sourcecode.c.objc; path = CKCoreData.m; sourceTree = "<group>"; };
		C96C15C713D5DBE700A78055 /* CKRequestQueue.h */ = {isa = PBXFileReference; fileEncoding = 4; lastKnownFileType = sourcecode.c.h; path = CKRequestQueue.h; sourceTree = "<group>"; };
		C96C15C813D5DBE700A78055 /* CKRequestQueue.m */ = {isa = PBXFileReference; fileEncoding = 4; lastKnownFileType = sourcecode.c.objc; path = CKRequestQueue.m; sourceTree = "<group>"; };
		C96C15CD13D5E91700A78055 /* CKRecord.h */ = {isa = PBXFileReference; fileEncoding = 4; lastKnownFileType = sourcecode.c.h; path = CKRecord.h; sourceTree = "<group>"; };
		C96C15CE13D5E91800A78055 /* CKRecord.m */ = {isa = PBXFileReference; fileEncoding = 4; lastKnownFileType = sourcecode.c.objc; path = CKRecord.m; sourceTree = "<group>"; };
		C9C4196313D08CF200B2FC31 /* UIKit.framework */ = {isa = PBXFileReference; lastKnownFileType = wrapper.framework; name = UIKit.framework; path = System/Library/Frameworks/UIKit.framework; sourceTree = SDKROOT; };
		C9C4196A13D0B3A300B2FC31 /* NSThread+Blocks.m */ = {isa = PBXFileReference; fileEncoding = 4; lastKnownFileType = sourcecode.c.objc; path = "NSThread+Blocks.m"; sourceTree = "<group>"; };
		C9C4196F13D0B97500B2FC31 /* Test.xcdatamodel */ = {isa = PBXFileReference; lastKnownFileType = wrapper.xcdatamodel; path = Test.xcdatamodel; sourceTree = "<group>"; };
		C9C4197713D0DFB700B2FC31 /* AppledocSettings.plist */ = {isa = PBXFileReference; fileEncoding = 4; lastKnownFileType = text.plist.xml; path = AppledocSettings.plist; sourceTree = "<group>"; };
		C9C4197913D4A5EF00B2FC31 /* CKConnection.h */ = {isa = PBXFileReference; fileEncoding = 4; lastKnownFileType = sourcecode.c.h; path = CKConnection.h; sourceTree = "<group>"; };
		C9C4197E13D4A61C00B2FC31 /* CKSerialization.h */ = {isa = PBXFileReference; fileEncoding = 4; lastKnownFileType = sourcecode.c.h; path = CKSerialization.h; sourceTree = "<group>"; };
		C9C4198513D4AA8400B2FC31 /* CKNSURLConnection.h */ = {isa = PBXFileReference; fileEncoding = 4; lastKnownFileType = sourcecode.c.h; path = CKNSURLConnection.h; sourceTree = "<group>"; };
		C9C4198613D4AA8400B2FC31 /* CKNSURLConnection.m */ = {isa = PBXFileReference; fileEncoding = 4; lastKnownFileType = sourcecode.c.objc; path = CKNSURLConnection.m; sourceTree = "<group>"; };
		C9F2A48513E1C905005E4711 /* CKSupport.h */ = {isa = PBXFileReference; fileEncoding = 4; lastKnownFileType = sourcecode.c.h; path = CKSupport.h; sourceTree = "<group>"; };
		C9F2A48613E1C905005E4711 /* CKSupport.m */ = {isa = PBXFileReference; fileEncoding = 4; lastKnownFileType = sourcecode.c.objc; path = CKSupport.m; sourceTree = "<group>"; };
		C9F4F2AB13D759F6009DAC73 /* CKDefines.h */ = {isa = PBXFileReference; fileEncoding = 4; lastKnownFileType = sourcecode.c.h; path = CKDefines.h; sourceTree = "<group>"; };
		C9F4F2B113D75B91009DAC73 /* NIPaths.h */ = {isa = PBXFileReference; fileEncoding = 4; lastKnownFileType = sourcecode.c.h; path = NIPaths.h; sourceTree = "<group>"; };
		C9F4F2B213D75B91009DAC73 /* NIPaths.m */ = {isa = PBXFileReference; fileEncoding = 4; lastKnownFileType = sourcecode.c.objc; path = NIPaths.m; sourceTree = "<group>"; };
		C9F4F2B613D882C7009DAC73 /* CKRecordPrivate.h */ = {isa = PBXFileReference; fileEncoding = 4; lastKnownFileType = sourcecode.c.h; path = CKRecordPrivate.h; sourceTree = "<group>"; };
		C9F4F2B713D882C7009DAC73 /* CKRecordPrivate.m */ = {isa = PBXFileReference; fileEncoding = 4; lastKnownFileType = sourcecode.c.objc; path = CKRecordPrivate.m; sourceTree = "<group>"; };
		C9F4F2BC13D8C012009DAC73 /* CKBindings.h */ = {isa = PBXFileReference; fileEncoding = 4; lastKnownFileType = sourcecode.c.h; path = CKBindings.h; sourceTree = "<group>"; };
		C9F4F2BD13D8C012009DAC73 /* CKBindings.m */ = {isa = PBXFileReference; fileEncoding = 4; lastKnownFileType = sourcecode.c.objc; path = CKBindings.m; sourceTree = "<group>"; };
		C9FB7C1113CF4381009597E7 /* libCoreKit.a */ = {isa = PBXFileReference; explicitFileType = archive.ar; includeInIndex = 0; path = libCoreKit.a; sourceTree = BUILT_PRODUCTS_DIR; };
		C9FB7C1413CF4381009597E7 /* Foundation.framework */ = {isa = PBXFileReference; lastKnownFileType = wrapper.framework; name = Foundation.framework; path = System/Library/Frameworks/Foundation.framework; sourceTree = SDKROOT; };
		C9FB7C1813CF4381009597E7 /* CoreKit-Prefix.pch */ = {isa = PBXFileReference; lastKnownFileType = sourcecode.c.h; path = "CoreKit-Prefix.pch"; sourceTree = "<group>"; };
		C9FB7C1913CF4381009597E7 /* CoreKit.h */ = {isa = PBXFileReference; lastKnownFileType = sourcecode.c.h; path = CoreKit.h; sourceTree = "<group>"; };
		C9FB7C2113CF4381009597E7 /* CoreKitTests.octest */ = {isa = PBXFileReference; explicitFileType = wrapper.cfbundle; includeInIndex = 0; path = CoreKitTests.octest; sourceTree = BUILT_PRODUCTS_DIR; };
		C9FB7C2213CF4381009597E7 /* SenTestingKit.framework */ = {isa = PBXFileReference; lastKnownFileType = wrapper.framework; name = SenTestingKit.framework; path = Library/Frameworks/SenTestingKit.framework; sourceTree = DEVELOPER_DIR; };
		C9FB7C2E13CF4381009597E7 /* CoreKitTests-Info.plist */ = {isa = PBXFileReference; lastKnownFileType = text.plist.xml; path = "CoreKitTests-Info.plist"; sourceTree = "<group>"; };
		C9FB7C3013CF4381009597E7 /* en */ = {isa = PBXFileReference; lastKnownFileType = text.plist.strings; name = en; path = en.lproj/InfoPlist.strings; sourceTree = "<group>"; };
/* End PBXFileReference section */

/* Begin PBXFrameworksBuildPhase section */
		C9FB7C0E13CF4381009597E7 /* Frameworks */ = {
			isa = PBXFrameworksBuildPhase;
			buildActionMask = 2147483647;
			files = (
				C9C4196413D08CF200B2FC31 /* UIKit.framework in Frameworks */,
				C95D789613CF90B6005C3C29 /* CoreData.framework in Frameworks */,
				C9FB7C1513CF4381009597E7 /* Foundation.framework in Frameworks */,
			);
			runOnlyForDeploymentPostprocessing = 0;
		};
		C9FB7C1D13CF4381009597E7 /* Frameworks */ = {
			isa = PBXFrameworksBuildPhase;
			buildActionMask = 2147483647;
			files = (
				C9FB7C2313CF4381009597E7 /* SenTestingKit.framework in Frameworks */,
				C9FB7C2613CF4381009597E7 /* Foundation.framework in Frameworks */,
				C9FB7C2B13CF4381009597E7 /* libCoreKit.a in Frameworks */,
				C95D789713CF92D0005C3C29 /* CoreData.framework in Frameworks */,
				C9C4196D13D0B57000B2FC31 /* UIKit.framework in Frameworks */,
			);
			runOnlyForDeploymentPostprocessing = 0;
		};
/* End PBXFrameworksBuildPhase section */

/* Begin PBXGroup section */
		C9C4198313D4A8D600B2FC31 /* Connections */ = {
			isa = PBXGroup;
			children = (
				C9C4198513D4AA8400B2FC31 /* CKNSURLConnection.h */,
				C9C4198613D4AA8400B2FC31 /* CKNSURLConnection.m */,
			);
			name = Connections;
			sourceTree = "<group>";
		};
		C9C4198413D4A8DF00B2FC31 /* Serializations */ = {
			isa = PBXGroup;
			children = (
				C9377D7F13D4DA4B0062C015 /* CKNSJSONSerialization.h */,
				C9377D8013D4DA4B0062C015 /* CKNSJSONSerialization.m */,
			);
			name = Serializations;
			sourceTree = "<group>";
		};
		C9C4198D13D4B95900B2FC31 /* Vendor */ = {
			isa = PBXGroup;
			children = (
				C9F4F2B113D75B91009DAC73 /* NIPaths.h */,
				C9F4F2B213D75B91009DAC73 /* NIPaths.m */,
			);
			name = Vendor;
			sourceTree = "<group>";
		};
		C9EC63E113DE00670059C65F /* Routing */ = {
			isa = PBXGroup;
			children = (
				C9377D7513D4CD420062C015 /* CKRouter.h */,
				C9377D7613D4CD420062C015 /* CKRouter.m */,
			);
			name = Routing;
			sourceTree = "<group>";
		};
		C9FB7C0613CF4381009597E7 = {
			isa = PBXGroup;
			children = (
				C9C4197713D0DFB700B2FC31 /* AppledocSettings.plist */,
				C9FB7C1613CF4381009597E7 /* CoreKit */,
				C9FB7C2C13CF4381009597E7 /* CoreKitTests */,
				C9FB7C1313CF4381009597E7 /* Frameworks */,
				C9FB7C1213CF4381009597E7 /* Products */,
			);
			sourceTree = "<group>";
		};
		C9FB7C1213CF4381009597E7 /* Products */ = {
			isa = PBXGroup;
			children = (
				C9FB7C1113CF4381009597E7 /* libCoreKit.a */,
				C9FB7C2113CF4381009597E7 /* CoreKitTests.octest */,
			);
			name = Products;
			sourceTree = "<group>";
		};
		C9FB7C1313CF4381009597E7 /* Frameworks */ = {
			isa = PBXGroup;
			children = (
				C9C4196313D08CF200B2FC31 /* UIKit.framework */,
				C95D789513CF90B6005C3C29 /* CoreData.framework */,
				C9FB7C1413CF4381009597E7 /* Foundation.framework */,
				C9FB7C2213CF4381009597E7 /* SenTestingKit.framework */,
			);
			name = Frameworks;
			sourceTree = "<group>";
		};
		C9FB7C1613CF4381009597E7 /* CoreKit */ = {
			isa = PBXGroup;
			children = (
				C9FB7C1913CF4381009597E7 /* CoreKit.h */,
				C9F4F2AB13D759F6009DAC73 /* CKDefines.h */,
				C95D787813CF4D0A005C3C29 /* CKManager.h */,
				C95D787913CF4D0A005C3C29 /* CKManager.m */,
				C9377D7013D4CD370062C015 /* CKRequest.h */,
				C9377D7113D4CD370062C015 /* CKRequest.m */,
				C96C15C713D5DBE700A78055 /* CKRequestQueue.h */,
				C96C15C813D5DBE700A78055 /* CKRequestQueue.m */,
				C9377D7A13D4CD530062C015 /* CKResult.h */,
				C9377D7B13D4CD530062C015 /* CKResult.m */,
				C9C4197913D4A5EF00B2FC31 /* CKConnection.h */,
				C96C15CD13D5E91700A78055 /* CKRecord.h */,
				C96C15CE13D5E91800A78055 /* CKRecord.m */,
				C9F4F2B613D882C7009DAC73 /* CKRecordPrivate.h */,
				C9F4F2B713D882C7009DAC73 /* CKRecordPrivate.m */,
				C9F4F2BC13D8C012009DAC73 /* CKBindings.h */,
				C9F4F2BD13D8C012009DAC73 /* CKBindings.m */,
				C9C4197E13D4A61C00B2FC31 /* CKSerialization.h */,
				C9EC63E113DE00670059C65F /* Routing */,
				C9C4198413D4A8DF00B2FC31 /* Serializations */,
				C9C4198313D4A8D600B2FC31 /* Connections */,
				C9FB7C1713CF4381009597E7 /* Supporting Files */,
			);
			path = CoreKit;
			sourceTree = "<group>";
		};
		C9FB7C1713CF4381009597E7 /* Supporting Files */ = {
			isa = PBXGroup;
			children = (
				C9F2A48513E1C905005E4711 /* CKSupport.h */,
				C9F2A48613E1C905005E4711 /* CKSupport.m */,
				C9C4198D13D4B95900B2FC31 /* Vendor */,
				C95D789F13D08ADF005C3C29 /* CKCoreData.h */,
				C95D78A013D08ADF005C3C29 /* CKCoreData.m */,
				C9C4196A13D0B3A300B2FC31 /* NSThread+Blocks.m */,
				C9FB7C1813CF4381009597E7 /* CoreKit-Prefix.pch */,
			);
			name = "Supporting Files";
			sourceTree = "<group>";
		};
		C9FB7C2C13CF4381009597E7 /* CoreKitTests */ = {
			isa = PBXGroup;
			children = (
				C95D787513CF481F005C3C29 /* CKManagerTests.m */,
				C9030A2E13D60A630024AE31 /* CKRecordTests.m */,
				C9FB7C2D13CF4381009597E7 /* Supporting Files */,
			);
			path = CoreKitTests;
			sourceTree = "<group>";
		};
		C9FB7C2D13CF4381009597E7 /* Supporting Files */ = {
			isa = PBXGroup;
			children = (
				C9030A3A13D624A10024AE31 /* fixtures */,
				C9030A3113D60D610024AE31 /* Order.h */,
				C9030A3213D60D610024AE31 /* Order.m */,
				C9030A3313D60D610024AE31 /* OrderItem.h */,
				C9030A3413D60D610024AE31 /* OrderItem.m */,
				C9C4196F13D0B97500B2FC31 /* Test.xcdatamodel */,
				C9FB7C2E13CF4381009597E7 /* CoreKitTests-Info.plist */,
				C9FB7C2F13CF4381009597E7 /* InfoPlist.strings */,
			);
			name = "Supporting Files";
			sourceTree = "<group>";
		};
/* End PBXGroup section */

/* Begin PBXHeadersBuildPhase section */
		C9FB7C0F13CF4381009597E7 /* Headers */ = {
			isa = PBXHeadersBuildPhase;
			buildActionMask = 2147483647;
			files = (
				C95D787A13CF4D0A005C3C29 /* CKManager.h in Headers */,
				C95D78A113D08ADF005C3C29 /* CKCoreData.h in Headers */,
				C9C4196E13D0B8D400B2FC31 /* CoreKit.h in Headers */,
				C9C4197B13D4A5EF00B2FC31 /* CKConnection.h in Headers */,
				C9C4198013D4A61C00B2FC31 /* CKSerialization.h in Headers */,
				C9C4198713D4AA8400B2FC31 /* CKNSURLConnection.h in Headers */,
				C9377D7213D4CD370062C015 /* CKRequest.h in Headers */,
				C9377D7713D4CD420062C015 /* CKRouter.h in Headers */,
				C9377D7C13D4CD530062C015 /* CKResult.h in Headers */,
				C9377D8113D4DA4B0062C015 /* CKNSJSONSerialization.h in Headers */,
				C96C15C913D5DBE700A78055 /* CKRequestQueue.h in Headers */,
				C96C15CF13D5E91800A78055 /* CKRecord.h in Headers */,
				C9F4F2AD13D759F7009DAC73 /* CKDefines.h in Headers */,
				C9F4F2B313D75B91009DAC73 /* NIPaths.h in Headers */,
				C9F4F2B813D882C7009DAC73 /* CKRecordPrivate.h in Headers */,
				C9F4F2BE13D8C013009DAC73 /* CKBindings.h in Headers */,
				C9F2A48713E1C905005E4711 /* CKSupport.h in Headers */,
			);
			runOnlyForDeploymentPostprocessing = 0;
		};
/* End PBXHeadersBuildPhase section */

/* Begin PBXNativeTarget section */
		C9FB7C1013CF4381009597E7 /* CoreKit */ = {
			isa = PBXNativeTarget;
			buildConfigurationList = C9FB7C3813CF4381009597E7 /* Build configuration list for PBXNativeTarget "CoreKit" */;
			buildPhases = (
				C9FB7C0D13CF4381009597E7 /* Sources */,
				C9FB7C0E13CF4381009597E7 /* Frameworks */,
				C9FB7C0F13CF4381009597E7 /* Headers */,
			);
			buildRules = (
			);
			dependencies = (
			);
			name = CoreKit;
			productName = CoreKit;
			productReference = C9FB7C1113CF4381009597E7 /* libCoreKit.a */;
			productType = "com.apple.product-type.library.static";
		};
		C9FB7C2013CF4381009597E7 /* CoreKitTests */ = {
			isa = PBXNativeTarget;
			buildConfigurationList = C9FB7C3B13CF4381009597E7 /* Build configuration list for PBXNativeTarget "CoreKitTests" */;
			buildPhases = (
				C9FB7C1C13CF4381009597E7 /* Sources */,
				C9FB7C1D13CF4381009597E7 /* Frameworks */,
				C9FB7C1E13CF4381009597E7 /* Resources */,
				C9FB7C1F13CF4381009597E7 /* ShellScript */,
			);
			buildRules = (
			);
			dependencies = (
				C9FB7C2A13CF4381009597E7 /* PBXTargetDependency */,
			);
			name = CoreKitTests;
			productName = CoreKitTests;
			productReference = C9FB7C2113CF4381009597E7 /* CoreKitTests.octest */;
			productType = "com.apple.product-type.bundle";
		};
/* End PBXNativeTarget section */

/* Begin PBXProject section */
		C9FB7C0813CF4381009597E7 /* Project object */ = {
			isa = PBXProject;
			attributes = {
				ORGANIZATIONNAME = "MNDCreative, LLC";
			};
			buildConfigurationList = C9FB7C0B13CF4381009597E7 /* Build configuration list for PBXProject "CoreKit" */;
			compatibilityVersion = "Xcode 3.2";
			developmentRegion = English;
			hasScannedForEncodings = 0;
			knownRegions = (
				en,
			);
			mainGroup = C9FB7C0613CF4381009597E7;
			productRefGroup = C9FB7C1213CF4381009597E7 /* Products */;
			projectDirPath = "";
			projectRoot = "";
			targets = (
				C9FB7C1013CF4381009597E7 /* CoreKit */,
				C9FB7C2013CF4381009597E7 /* CoreKitTests */,
			);
		};
/* End PBXProject section */

/* Begin PBXResourcesBuildPhase section */
		C9FB7C1E13CF4381009597E7 /* Resources */ = {
			isa = PBXResourcesBuildPhase;
			buildActionMask = 2147483647;
			files = (
				C9FB7C3113CF4381009597E7 /* InfoPlist.strings in Resources */,
				C9C4197813D0DFB700B2FC31 /* AppledocSettings.plist in Resources */,
				C9030A3B13D624A10024AE31 /* fixtures in Resources */,
			);
			runOnlyForDeploymentPostprocessing = 0;
		};
/* End PBXResourcesBuildPhase section */

/* Begin PBXShellScriptBuildPhase section */
		C9FB7C1F13CF4381009597E7 /* ShellScript */ = {
			isa = PBXShellScriptBuildPhase;
			buildActionMask = 2147483647;
			files = (
			);
			inputPaths = (
			);
			outputPaths = (
			);
			runOnlyForDeploymentPostprocessing = 0;
			shellPath = /bin/sh;
			shellScript = "# Run the unit tests in this test bundle.\n\"${SYSTEM_DEVELOPER_DIR}/Tools/RunUnitTests\"\n";
		};
/* End PBXShellScriptBuildPhase section */

/* Begin PBXSourcesBuildPhase section */
		C9FB7C0D13CF4381009597E7 /* Sources */ = {
			isa = PBXSourcesBuildPhase;
			buildActionMask = 2147483647;
			files = (
				C95D787B13CF4D0A005C3C29 /* CKManager.m in Sources */,
				C95D78A213D08ADF005C3C29 /* CKCoreData.m in Sources */,
				C9C4196B13D0B3A300B2FC31 /* NSThread+Blocks.m in Sources */,
				C9C4197013D0B97500B2FC31 /* Test.xcdatamodel in Sources */,
				C9C4198813D4AA8400B2FC31 /* CKNSURLConnection.m in Sources */,
				C9377D7313D4CD370062C015 /* CKRequest.m in Sources */,
				C9377D7813D4CD420062C015 /* CKRouter.m in Sources */,
				C9377D7D13D4CD530062C015 /* CKResult.m in Sources */,
				C9377D8213D4DA4B0062C015 /* CKNSJSONSerialization.m in Sources */,
				C96C15CA13D5DBE700A78055 /* CKRequestQueue.m in Sources */,
				C96C15D013D5E91800A78055 /* CKRecord.m in Sources */,
				C9F4F2B413D75B91009DAC73 /* NIPaths.m in Sources */,
				C9F4F2B913D882C7009DAC73 /* CKRecordPrivate.m in Sources */,
				C9F4F2BF13D8C013009DAC73 /* CKBindings.m in Sources */,
				C9F2A48813E1C905005E4711 /* CKSupport.m in Sources */,
			);
			runOnlyForDeploymentPostprocessing = 0;
		};
		C9FB7C1C13CF4381009597E7 /* Sources */ = {
			isa = PBXSourcesBuildPhase;
			buildActionMask = 2147483647;
			files = (
				C95D787613CF481F005C3C29 /* CKManagerTests.m in Sources */,
				C95D787C13CF4D0A005C3C29 /* CKManager.m in Sources */,
				C95D78A313D08ADF005C3C29 /* CKCoreData.m in Sources */,
				C9C4196C13D0B3A300B2FC31 /* NSThread+Blocks.m in Sources */,
				C9C4197113D0B97500B2FC31 /* Test.xcdatamodel in Sources */,
				C9C4198913D4AA8400B2FC31 /* CKNSURLConnection.m in Sources */,
				C9377D7413D4CD370062C015 /* CKRequest.m in Sources */,
				C9377D7913D4CD420062C015 /* CKRouter.m in Sources */,
				C9377D7E13D4CD530062C015 /* CKResult.m in Sources */,
				C9377D8313D4DA4B0062C015 /* CKNSJSONSerialization.m in Sources */,
				C96C15CB13D5DBE700A78055 /* CKRequestQueue.m in Sources */,
				C96C15D113D5E91800A78055 /* CKRecord.m in Sources */,
				C9030A2F13D60A630024AE31 /* CKRecordTests.m in Sources */,
				C9030A3513D60D610024AE31 /* Order.m in Sources */,
				C9030A3613D60D610024AE31 /* OrderItem.m in Sources */,
				C9F4F2B513D75B91009DAC73 /* NIPaths.m in Sources */,
				C9F4F2BA13D882C7009DAC73 /* CKRecordPrivate.m in Sources */,
				C9F4F2C013D8C013009DAC73 /* CKBindings.m in Sources */,
				C9F2A48913E1C905005E4711 /* CKSupport.m in Sources */,
			);
			runOnlyForDeploymentPostprocessing = 0;
		};
/* End PBXSourcesBuildPhase section */

/* Begin PBXTargetDependency section */
		C9FB7C2A13CF4381009597E7 /* PBXTargetDependency */ = {
			isa = PBXTargetDependency;
			target = C9FB7C1013CF4381009597E7 /* CoreKit */;
			targetProxy = C9FB7C2913CF4381009597E7 /* PBXContainerItemProxy */;
		};
/* End PBXTargetDependency section */

/* Begin PBXVariantGroup section */
		C9FB7C2F13CF4381009597E7 /* InfoPlist.strings */ = {
			isa = PBXVariantGroup;
			children = (
				C9FB7C3013CF4381009597E7 /* en */,
			);
			name = InfoPlist.strings;
			sourceTree = "<group>";
		};
/* End PBXVariantGroup section */

/* Begin XCBuildConfiguration section */
		C9FB7C3613CF4381009597E7 /* Debug */ = {
			isa = XCBuildConfiguration;
			buildSettings = {
				ALWAYS_SEARCH_USER_PATHS = NO;
				ARCHS = "$(ARCHS_STANDARD_32_BIT)";
				CLANG_ENABLE_OBJC_ARC = NO;
				COPY_PHASE_STRIP = NO;
				GCC_C_LANGUAGE_STANDARD = gnu99;
				GCC_DYNAMIC_NO_PIC = NO;
				GCC_OPTIMIZATION_LEVEL = 0;
				GCC_PREPROCESSOR_DEFINITIONS = (
					"DEBUG=1",
					"$(inherited)",
				);
				GCC_SYMBOLS_PRIVATE_EXTERN = NO;
				GCC_VERSION = com.apple.compilers.llvm.clang.1_0;
				GCC_WARN_ABOUT_MISSING_PROTOTYPES = YES;
				GCC_WARN_ABOUT_RETURN_TYPE = YES;
				GCC_WARN_UNUSED_VARIABLE = YES;
				IPHONEOS_DEPLOYMENT_TARGET = 4.0;
				SDKROOT = iphoneos;
			};
			name = Debug;
		};
		C9FB7C3713CF4381009597E7 /* Release */ = {
			isa = XCBuildConfiguration;
			buildSettings = {
				ALWAYS_SEARCH_USER_PATHS = NO;
				ARCHS = "$(ARCHS_STANDARD_32_BIT)";
				CLANG_ENABLE_OBJC_ARC = NO;
				COPY_PHASE_STRIP = YES;
				GCC_C_LANGUAGE_STANDARD = gnu99;
				GCC_VERSION = com.apple.compilers.llvm.clang.1_0;
				GCC_WARN_ABOUT_MISSING_PROTOTYPES = YES;
				GCC_WARN_ABOUT_RETURN_TYPE = YES;
				GCC_WARN_UNUSED_VARIABLE = YES;
				IPHONEOS_DEPLOYMENT_TARGET = 4.0;
				SDKROOT = iphoneos;
				VALIDATE_PRODUCT = YES;
			};
			name = Release;
		};
		C9FB7C3913CF4381009597E7 /* Debug */ = {
			isa = XCBuildConfiguration;
			buildSettings = {
				DSTROOT = /tmp/CoreKit.dst;
				GCC_PRECOMPILE_PREFIX_HEADER = YES;
				GCC_PREFIX_HEADER = "CoreKit/CoreKit-Prefix.pch";
				OTHER_LDFLAGS = "-ObjC";
				PRODUCT_NAME = "$(TARGET_NAME)";
				SKIP_INSTALL = YES;
			};
			name = Debug;
		};
		C9FB7C3A13CF4381009597E7 /* Release */ = {
			isa = XCBuildConfiguration;
			buildSettings = {
				DSTROOT = /tmp/CoreKit.dst;
				GCC_PRECOMPILE_PREFIX_HEADER = YES;
				GCC_PREFIX_HEADER = "CoreKit/CoreKit-Prefix.pch";
				OTHER_LDFLAGS = "-ObjC";
				PRODUCT_NAME = "$(TARGET_NAME)";
				SKIP_INSTALL = YES;
			};
			name = Release;
		};
		C9FB7C3C13CF4381009597E7 /* Debug */ = {
			isa = XCBuildConfiguration;
			buildSettings = {
				FRAMEWORK_SEARCH_PATHS = (
					"$(SDKROOT)/Developer/Library/Frameworks",
					"$(DEVELOPER_LIBRARY_DIR)/Frameworks",
				);
				GCC_PRECOMPILE_PREFIX_HEADER = YES;
				GCC_PREFIX_HEADER = "CoreKit/CoreKit-Prefix.pch";
				INFOPLIST_FILE = "CoreKitTests/CoreKitTests-Info.plist";
				PRODUCT_NAME = "$(TARGET_NAME)";
				WRAPPER_EXTENSION = octest;
			};
			name = Debug;
		};
		C9FB7C3D13CF4381009597E7 /* Release */ = {
			isa = XCBuildConfiguration;
			buildSettings = {
				FRAMEWORK_SEARCH_PATHS = (
					"$(SDKROOT)/Developer/Library/Frameworks",
					"$(DEVELOPER_LIBRARY_DIR)/Frameworks",
				);
				GCC_PRECOMPILE_PREFIX_HEADER = YES;
				GCC_PREFIX_HEADER = "CoreKit/CoreKit-Prefix.pch";
				INFOPLIST_FILE = "CoreKitTests/CoreKitTests-Info.plist";
				PRODUCT_NAME = "$(TARGET_NAME)";
				WRAPPER_EXTENSION = octest;
			};
			name = Release;
		};
/* End XCBuildConfiguration section */

/* Begin XCConfigurationList section */
		C9FB7C0B13CF4381009597E7 /* Build configuration list for PBXProject "CoreKit" */ = {
			isa = XCConfigurationList;
			buildConfigurations = (
				C9FB7C3613CF4381009597E7 /* Debug */,
				C9FB7C3713CF4381009597E7 /* Release */,
			);
			defaultConfigurationIsVisible = 0;
			defaultConfigurationName = Release;
		};
		C9FB7C3813CF4381009597E7 /* Build configuration list for PBXNativeTarget "CoreKit" */ = {
			isa = XCConfigurationList;
			buildConfigurations = (
				C9FB7C3913CF4381009597E7 /* Debug */,
				C9FB7C3A13CF4381009597E7 /* Release */,
			);
			defaultConfigurationIsVisible = 0;
			defaultConfigurationName = Release;
		};
		C9FB7C3B13CF4381009597E7 /* Build configuration list for PBXNativeTarget "CoreKitTests" */ = {
			isa = XCConfigurationList;
			buildConfigurations = (
				C9FB7C3C13CF4381009597E7 /* Debug */,
				C9FB7C3D13CF4381009597E7 /* Release */,
			);
			defaultConfigurationIsVisible = 0;
			defaultConfigurationName = Release;
		};
/* End XCConfigurationList section */
	};
	rootObject = C9FB7C0813CF4381009597E7 /* Project object */;
}
