// !$*UTF8*$!
{
	archiveVersion = 1;
	classes = {
	};
	objectVersion = 46;
	objects = {

/* Begin PBXBuildFile section */
		C9E7DFBF13F9A30100AB98FF /* UIKit.framework in Frameworks */ = {isa = PBXBuildFile; fileRef = C9E7DFBE13F9A30100AB98FF /* UIKit.framework */; };
		C9E7DFC113F9A30100AB98FF /* Foundation.framework in Frameworks */ = {isa = PBXBuildFile; fileRef = C9E7DFC013F9A30100AB98FF /* Foundation.framework */; };
		C9E7DFC713F9A30100AB98FF /* InfoPlist.strings in Resources */ = {isa = PBXBuildFile; fileRef = C9E7DFC513F9A30100AB98FF /* InfoPlist.strings */; };
		C9E7DFC913F9A30200AB98FF /* main.m in Sources */ = {isa = PBXBuildFile; fileRef = C9E7DFC813F9A30200AB98FF /* main.m */; };
		C9E7DFCD13F9A30200AB98FF /* AppDelegate.m in Sources */ = {isa = PBXBuildFile; fileRef = C9E7DFCC13F9A30200AB98FF /* AppDelegate.m */; };
		C9E7DFD013F9A30200AB98FF /* MasterViewController.m in Sources */ = {isa = PBXBuildFile; fileRef = C9E7DFCF13F9A30200AB98FF /* MasterViewController.m */; };
		C9E7DFD313F9A30200AB98FF /* DetailViewController.m in Sources */ = {isa = PBXBuildFile; fileRef = C9E7DFD213F9A30200AB98FF /* DetailViewController.m */; };
		C9E7DFD613F9A30200AB98FF /* MasterViewController_iPhone.xib in Resources */ = {isa = PBXBuildFile; fileRef = C9E7DFD413F9A30200AB98FF /* MasterViewController_iPhone.xib */; };
		C9E7DFD913F9A30200AB98FF /* MasterViewController_iPad.xib in Resources */ = {isa = PBXBuildFile; fileRef = C9E7DFD713F9A30200AB98FF /* MasterViewController_iPad.xib */; };
		C9E7DFDC13F9A30200AB98FF /* DetailViewController_iPhone.xib in Resources */ = {isa = PBXBuildFile; fileRef = C9E7DFDA13F9A30200AB98FF /* DetailViewController_iPhone.xib */; };
		C9E7DFDF13F9A30200AB98FF /* DetailViewController_iPad.xib in Resources */ = {isa = PBXBuildFile; fileRef = C9E7DFDD13F9A30200AB98FF /* DetailViewController_iPad.xib */; };
/* End PBXBuildFile section */

/* Begin PBXFileReference section */
		C9E7DFBA13F9A30100AB98FF /* Test.app */ = {isa = PBXFileReference; explicitFileType = wrapper.application; includeInIndex = 0; path = Test.app; sourceTree = BUILT_PRODUCTS_DIR; };
		C9E7DFBE13F9A30100AB98FF /* UIKit.framework */ = {isa = PBXFileReference; lastKnownFileType = wrapper.framework; name = UIKit.framework; path = System/Library/Frameworks/UIKit.framework; sourceTree = SDKROOT; };
		C9E7DFC013F9A30100AB98FF /* Foundation.framework */ = {isa = PBXFileReference; lastKnownFileType = wrapper.framework; name = Foundation.framework; path = System/Library/Frameworks/Foundation.framework; sourceTree = SDKROOT; };
		C9E7DFC413F9A30100AB98FF /* Test-Info.plist */ = {isa = PBXFileReference; path = "Test-Info.plist"; sourceTree = "<group>"; };
		C9E7DFC613F9A30100AB98FF /* en */ = {isa = PBXFileReference; lastKnownFileType = text.plist.strings; name = en; path = en.lproj/InfoPlist.strings; sourceTree = "<group>"; };
		C9E7DFC813F9A30200AB98FF /* main.m */ = {isa = PBXFileReference; lastKnownFileType = sourcecode.c.objc; path = main.m; sourceTree = "<group>"; };
		C9E7DFCA13F9A30200AB98FF /* Test-Prefix.pch */ = {isa = PBXFileReference; path = "Test-Prefix.pch"; sourceTree = "<group>"; };
		C9E7DFCB13F9A30200AB98FF /* AppDelegate.h */ = {isa = PBXFileReference; path = AppDelegate.h; sourceTree = "<group>"; };
		C9E7DFCC13F9A30200AB98FF /* AppDelegate.m */ = {isa = PBXFileReference; lastKnownFileType = sourcecode.c.objc; path = AppDelegate.m; sourceTree = "<group>"; };
		C9E7DFCE13F9A30200AB98FF /* MasterViewController.h */ = {isa = PBXFileReference; path = MasterViewController.h; sourceTree = "<group>"; };
		C9E7DFCF13F9A30200AB98FF /* MasterViewController.m */ = {isa = PBXFileReference; lastKnownFileType = sourcecode.c.objc; path = MasterViewController.m; sourceTree = "<group>"; };
		C9E7DFD113F9A30200AB98FF /* DetailViewController.h */ = {isa = PBXFileReference; path = DetailViewController.h; sourceTree = "<group>"; };
		C9E7DFD213F9A30200AB98FF /* DetailViewController.m */ = {isa = PBXFileReference; lastKnownFileType = sourcecode.c.objc; path = DetailViewController.m; sourceTree = "<group>"; };
		C9E7DFD513F9A30200AB98FF /* en */ = {isa = PBXFileReference; lastKnownFileType = file.xib; name = en; path = en.lproj/MasterViewController_iPhone.xib; sourceTree = "<group>"; };
		C9E7DFD813F9A30200AB98FF /* en */ = {isa = PBXFileReference; lastKnownFileType = file.xib; name = en; path = en.lproj/MasterViewController_iPad.xib; sourceTree = "<group>"; };
		C9E7DFDB13F9A30200AB98FF /* en */ = {isa = PBXFileReference; lastKnownFileType = file.xib; name = en; path = en.lproj/DetailViewController_iPhone.xib; sourceTree = "<group>"; };
		C9E7DFDE13F9A30200AB98FF /* en */ = {isa = PBXFileReference; lastKnownFileType = file.xib; name = en; path = en.lproj/DetailViewController_iPad.xib; sourceTree = "<group>"; };
/* End PBXFileReference section */

/* Begin PBXFrameworksBuildPhase section */
		C9E7DFB713F9A30100AB98FF /* Frameworks */ = {
			isa = PBXFrameworksBuildPhase;
			buildActionMask = 2147483647;
			files = (
				C9E7DFBF13F9A30100AB98FF /* UIKit.framework in Frameworks */,
				C9E7DFC113F9A30100AB98FF /* Foundation.framework in Frameworks */,
			);
			runOnlyForDeploymentPostprocessing = 0;
		};
/* End PBXFrameworksBuildPhase section */

/* Begin PBXGroup section */
		C9E7DFAF13F9A30100AB98FF = {
			isa = PBXGroup;
			children = (
				C9E7DFC213F9A30100AB98FF /* Test */,
				C9E7DFBD13F9A30100AB98FF /* Frameworks */,
				C9E7DFBB13F9A30100AB98FF /* Products */,
			);
			sourceTree = "<group>";
		};
		C9E7DFBB13F9A30100AB98FF /* Products */ = {
			isa = PBXGroup;
			children = (
				C9E7DFBA13F9A30100AB98FF /* Test.app */,
			);
			name = Products;
			sourceTree = "<group>";
		};
		C9E7DFBD13F9A30100AB98FF /* Frameworks */ = {
			isa = PBXGroup;
			children = (
				C9E7DFBE13F9A30100AB98FF /* UIKit.framework */,
				C9E7DFC013F9A30100AB98FF /* Foundation.framework */,
			);
			name = Frameworks;
			sourceTree = "<group>";
		};
		C9E7DFC213F9A30100AB98FF /* Test */ = {
			isa = PBXGroup;
			children = (
				C9E7DFCB13F9A30200AB98FF /* AppDelegate.h */,
				C9E7DFCC13F9A30200AB98FF /* AppDelegate.m */,
				C9E7DFCE13F9A30200AB98FF /* MasterViewController.h */,
				C9E7DFCF13F9A30200AB98FF /* MasterViewController.m */,
				C9E7DFD113F9A30200AB98FF /* DetailViewController.h */,
				C9E7DFD213F9A30200AB98FF /* DetailViewController.m */,
				C9E7DFD413F9A30200AB98FF /* MasterViewController_iPhone.xib */,
				C9E7DFD713F9A30200AB98FF /* MasterViewController_iPad.xib */,
				C9E7DFDA13F9A30200AB98FF /* DetailViewController_iPhone.xib */,
				C9E7DFDD13F9A30200AB98FF /* DetailViewController_iPad.xib */,
				C9E7DFC313F9A30100AB98FF /* Supporting Files */,
			);
			path = Test;
			sourceTree = "<group>";
		};
		C9E7DFC313F9A30100AB98FF /* Supporting Files */ = {
			isa = PBXGroup;
			children = (
				C9E7DFC413F9A30100AB98FF /* Test-Info.plist */,
				C9E7DFC513F9A30100AB98FF /* InfoPlist.strings */,
				C9E7DFC813F9A30200AB98FF /* main.m */,
				C9E7DFCA13F9A30200AB98FF /* Test-Prefix.pch */,
			);
			name = "Supporting Files";
			sourceTree = "<group>";
		};
/* End PBXGroup section */

/* Begin PBXNativeTarget section */
		C9E7DFB913F9A30100AB98FF /* Test */ = {
			isa = PBXNativeTarget;
			buildConfigurationList = C9E7DFE213F9A30200AB98FF /* Build configuration list for PBXNativeTarget "Test" */;
			buildPhases = (
				C9E7DFB613F9A30100AB98FF /* Sources */,
				C9E7DFB713F9A30100AB98FF /* Frameworks */,
				C9E7DFB813F9A30100AB98FF /* Resources */,
			);
			buildRules = (
			);
			dependencies = (
			);
			name = Test;
			productName = Test;
			productReference = C9E7DFBA13F9A30100AB98FF /* Test.app */;
			productType = "com.apple.product-type.application";
		};
/* End PBXNativeTarget section */

/* Begin PBXProject section */
		C9E7DFB113F9A30100AB98FF /* Project object */ = {
			isa = PBXProject;
			attributes = {
				LastUpgradeCheck = 0420;
				ORGANIZATIONNAME = "MNDCreative, LLC";
			};
			buildConfigurationList = C9E7DFB413F9A30100AB98FF /* Build configuration list for PBXProject "Test" */;
			compatibilityVersion = "Xcode 3.2";
			developmentRegion = English;
			hasScannedForEncodings = 0;
			knownRegions = (
				en,
			);
			mainGroup = C9E7DFAF13F9A30100AB98FF;
			productRefGroup = C9E7DFBB13F9A30100AB98FF /* Products */;
			projectDirPath = "";
			projectRoot = "";
			targets = (
				C9E7DFB913F9A30100AB98FF /* Test */,
			);
		};
/* End PBXProject section */

/* Begin PBXResourcesBuildPhase section */
		C9E7DFB813F9A30100AB98FF /* Resources */ = {
			isa = PBXResourcesBuildPhase;
			buildActionMask = 2147483647;
			files = (
				C9E7DFC713F9A30100AB98FF /* InfoPlist.strings in Resources */,
				C9E7DFD613F9A30200AB98FF /* MasterViewController_iPhone.xib in Resources */,
				C9E7DFD913F9A30200AB98FF /* MasterViewController_iPad.xib in Resources */,
				C9E7DFDC13F9A30200AB98FF /* DetailViewController_iPhone.xib in Resources */,
				C9E7DFDF13F9A30200AB98FF /* DetailViewController_iPad.xib in Resources */,
			);
			runOnlyForDeploymentPostprocessing = 0;
		};
/* End PBXResourcesBuildPhase section */

/* Begin PBXSourcesBuildPhase section */
		C9E7DFB613F9A30100AB98FF /* Sources */ = {
			isa = PBXSourcesBuildPhase;
			buildActionMask = 2147483647;
			files = (
				C9E7DFC913F9A30200AB98FF /* main.m in Sources */,
				C9E7DFCD13F9A30200AB98FF /* AppDelegate.m in Sources */,
				C9E7DFD013F9A30200AB98FF /* MasterViewController.m in Sources */,
				C9E7DFD313F9A30200AB98FF /* DetailViewController.m in Sources */,
			);
			runOnlyForDeploymentPostprocessing = 0;
		};
/* End PBXSourcesBuildPhase section */

/* Begin PBXVariantGroup section */
		C9E7DFC513F9A30100AB98FF /* InfoPlist.strings */ = {
			isa = PBXVariantGroup;
			children = (
				C9E7DFC613F9A30100AB98FF /* en */,
			);
			name = InfoPlist.strings;
			sourceTree = "<group>";
		};
		C9E7DFD413F9A30200AB98FF /* MasterViewController_iPhone.xib */ = {
			isa = PBXVariantGroup;
			children = (
				C9E7DFD513F9A30200AB98FF /* en */,
			);
			name = MasterViewController_iPhone.xib;
			sourceTree = "<group>";
		};
		C9E7DFD713F9A30200AB98FF /* MasterViewController_iPad.xib */ = {
			isa = PBXVariantGroup;
			children = (
				C9E7DFD813F9A30200AB98FF /* en */,
			);
			name = MasterViewController_iPad.xib;
			sourceTree = "<group>";
		};
		C9E7DFDA13F9A30200AB98FF /* DetailViewController_iPhone.xib */ = {
			isa = PBXVariantGroup;
			children = (
				C9E7DFDB13F9A30200AB98FF /* en */,
			);
			name = DetailViewController_iPhone.xib;
			sourceTree = "<group>";
		};
		C9E7DFDD13F9A30200AB98FF /* DetailViewController_iPad.xib */ = {
			isa = PBXVariantGroup;
			children = (
				C9E7DFDE13F9A30200AB98FF /* en */,
			);
			name = DetailViewController_iPad.xib;
			sourceTree = "<group>";
		};
/* End PBXVariantGroup section */

/* Begin XCBuildConfiguration section */
		C9E7DFE013F9A30200AB98FF /* Debug */ = {
			isa = XCBuildConfiguration;
			buildSettings = {
				ALWAYS_SEARCH_USER_PATHS = NO;
				ARCHS = "$(ARCHS_STANDARD_32_BIT)";
				CLANG_ENABLE_OBJC_ARC = YES;
				"CODE_SIGN_IDENTITY[sdk=iphoneos*]" = "iPhone Developer";
				COPY_PHASE_STRIP = NO;
				GCC_C_LANGUAGE_STANDARD = gnu99;
				GCC_DYNAMIC_NO_PIC = NO;
				GCC_OPTIMIZATION_LEVEL = 0;
				GCC_PREPROCESSOR_DEFINITIONS = (
					"DEBUG=1",
					"$(inherited)",
				);
				GCC_SYMBOLS_PRIVATE_EXTERN = NO;
				GCC_VERSION = com.apple.compilers.llvm.clang.1_0;
				GCC_WARN_ABOUT_MISSING_PROTOTYPES = YES;
				GCC_WARN_ABOUT_RETURN_TYPE = YES;
				GCC_WARN_UNUSED_VARIABLE = YES;
				IPHONEOS_DEPLOYMENT_TARGET = 5.0;
				SDKROOT = iphoneos;
				TARGETED_DEVICE_FAMILY = "1,2";
			};
			name = Debug;
		};
		C9E7DFE113F9A30200AB98FF /* Release */ = {
			isa = XCBuildConfiguration;
			buildSettings = {
				ALWAYS_SEARCH_USER_PATHS = NO;
				ARCHS = "$(ARCHS_STANDARD_32_BIT)";
				CLANG_ENABLE_OBJC_ARC = YES;
				"CODE_SIGN_IDENTITY[sdk=iphoneos*]" = "iPhone Developer";
				COPY_PHASE_STRIP = YES;
				GCC_C_LANGUAGE_STANDARD = gnu99;
				GCC_VERSION = com.apple.compilers.llvm.clang.1_0;
				GCC_WARN_ABOUT_MISSING_PROTOTYPES = YES;
				GCC_WARN_ABOUT_RETURN_TYPE = YES;
				GCC_WARN_UNUSED_VARIABLE = YES;
				IPHONEOS_DEPLOYMENT_TARGET = 5.0;
				OTHER_CFLAGS = "-DNS_BLOCK_ASSERTIONS=1";
				SDKROOT = iphoneos;
				TARGETED_DEVICE_FAMILY = "1,2";
				VALIDATE_PRODUCT = YES;
			};
			name = Release;
		};
		C9E7DFE313F9A30200AB98FF /* Debug */ = {
			isa = XCBuildConfiguration;
			buildSettings = {
				GCC_PRECOMPILE_PREFIX_HEADER = YES;
				GCC_PREFIX_HEADER = "Test/Test-Prefix.pch";
				INFOPLIST_FILE = "Test/Test-Info.plist";
				PRODUCT_NAME = "$(TARGET_NAME)";
				WRAPPER_EXTENSION = app;
			};
			name = Debug;
		};
		C9E7DFE413F9A30200AB98FF /* Release */ = {
			isa = XCBuildConfiguration;
			buildSettings = {
				GCC_PRECOMPILE_PREFIX_HEADER = YES;
				GCC_PREFIX_HEADER = "Test/Test-Prefix.pch";
				INFOPLIST_FILE = "Test/Test-Info.plist";
				PRODUCT_NAME = "$(TARGET_NAME)";
				WRAPPER_EXTENSION = app;
			};
			name = Release;
		};
/* End XCBuildConfiguration section */

/* Begin XCConfigurationList section */
		C9E7DFB413F9A30100AB98FF /* Build configuration list for PBXProject "Test" */ = {
			isa = XCConfigurationList;
			buildConfigurations = (
				C9E7DFE013F9A30200AB98FF /* Debug */,
				C9E7DFE113F9A30200AB98FF /* Release */,
			);
			defaultConfigurationIsVisible = 0;
			defaultConfigurationName = Release;
		};
		C9E7DFE213F9A30200AB98FF /* Build configuration list for PBXNativeTarget "Test" */ = {
			isa = XCConfigurationList;
			buildConfigurations = (
				C9E7DFE313F9A30200AB98FF /* Debug */,
				C9E7DFE413F9A30200AB98FF /* Release */,
			);
			defaultConfigurationIsVisible = 0;
		};
/* End XCConfigurationList section */
	};
	rootObject = C9E7DFB113F9A30100AB98FF /* Project object */;
}
